
Microsoft Visual Studio Solution File, Format Version 12.00
# Visual Studio 14
VisualStudioVersion = 14.0.25420.1
MinimumVisualStudioVersion = 10.0.40219.1
Project("{FAE04EC0-301F-11D3-BF4B-00C04F79EFBC}") = "Happiness", "Happiness.csproj", "{E1714731-702B-4E50-930B-4EE03A30BB30}"
	ProjectSection(ProjectDependencies) = postProject
		{8AE57B9A-ACED-4428-A804-993EB37E966B} = {8AE57B9A-ACED-4428-A804-993EB37E966B}
		{BF24F5DD-FF00-423C-8E23-55F46257D75F} = {BF24F5DD-FF00-423C-8E23-55F46257D75F}
		{EE6BE3F3-B6D2-4007-A230-628BC17AAC8F} = {EE6BE3F3-B6D2-4007-A230-628BC17AAC8F}
	EndProjectSection
EndProject
Project("{FAE04EC0-301F-11D3-BF4B-00C04F79EFBC}") = "LogicMatrix", "LogicMatrix\LogicMatrix.csproj", "{8AE57B9A-ACED-4428-A804-993EB37E966B}"
EndProject
Project("{FAE04EC0-301F-11D3-BF4B-00C04F79EFBC}") = "NetworkCore", "NetworkCore\NetworkCore.csproj", "{6877F982-BB8D-428E-B017-AFB86A00BE95}"
EndProject
Project("{FAE04EC0-301F-11D3-BF4B-00C04F79EFBC}") = "GlobalServer", "GlobalServer\GlobalServer.csproj", "{CF14D004-09B0-40F1-AA3F-680315AE5B01}"
EndProject
Project("{FAE04EC0-301F-11D3-BF4B-00C04F79EFBC}") = "ServerCore", "ServerCore\ServerCore.csproj", "{DE59F03B-351D-490B-AD42-20D21D0C57EE}"
EndProject
Project("{FAE04EC0-301F-11D3-BF4B-00C04F79EFBC}") = "HappinessServer", "HappinessServer\HappinessServer.csproj", "{E9D5339C-633F-498F-8AE4-8FA0B61FB5D7}"
EndProject
Project("{FAE04EC0-301F-11D3-BF4B-00C04F79EFBC}") = "HappinessNetwork", "HappinessNetwork\HappinessNetwork.csproj", "{D4B75AEE-412B-45BF-B9AB-911641272454}"
EndProject
Project("{FAE04EC0-301F-11D3-BF4B-00C04F79EFBC}") = "Hashgen", "Launcher\Hashgen\Hashgen.csproj", "{0280287A-0E7F-4314-9D8F-9616EA3C2AB2}"
EndProject
Project("{2150E333-8FDC-42A3-9474-1A3956D46DE8}") = "Launcher", "Launcher", "{95D4EFAD-FAF7-43B8-9C52-1F2D4EAFDDE4}"
EndProject
Project("{2150E333-8FDC-42A3-9474-1A3956D46DE8}") = "Core Libs", "Core Libs", "{60AB0B73-6557-4842-A985-FB673D203491}"
EndProject
Project("{2150E333-8FDC-42A3-9474-1A3956D46DE8}") = "Servers", "Servers", "{645C7B30-E426-4425-8608-5F92D6E0C0D1}"
EndProject
Project("{2150E333-8FDC-42A3-9474-1A3956D46DE8}") = "Client", "Client", "{D76EA213-2445-4F6A-B932-BE087E3A1D52}"
EndProject
Project("{FAE04EC0-301F-11D3-BF4B-00C04F79EFBC}") = "PatchGen", "Launcher\PatchGen\PatchGen.csproj", "{27C63DE1-22BF-4791-8E27-7BE28D6531B0}"
EndProject
Project("{FAE04EC0-301F-11D3-BF4B-00C04F79EFBC}") = "PatchLib", "Launcher\PatchLib\PatchLib.csproj", "{ACA2AA50-6795-4730-BF62-1D7FA4CA977F}"
EndProject
Project("{FAE04EC0-301F-11D3-BF4B-00C04F79EFBC}") = "HappinessLauncher", "Launcher\HappinessLauncher\HappinessLauncher.csproj", "{00529D8C-FE79-4C33-8FEA-9FE6714BA4ED}"
EndProject
Project("{FAE04EC0-301F-11D3-BF4B-00C04F79EFBC}") = "FacebookAuthenticator", "FacebookAuthenticator\FacebookAuthenticator.csproj", "{BF24F5DD-FF00-423C-8E23-55F46257D75F}"
EndProject
Project("{FAE04EC0-301F-11D3-BF4B-00C04F79EFBC}") = "SecretsInjector", "SecretsInjector\SecretsInjector.csproj", "{EE6BE3F3-B6D2-4007-A230-628BC17AAC8F}"
EndProject
Global
	GlobalSection(SolutionConfigurationPlatforms) = preSolution
		Android|Any CPU = Android|Any CPU
		Android|x86 = Android|x86
		Debug_Unity|Any CPU = Debug_Unity|Any CPU
		Debug_Unity|x86 = Debug_Unity|x86
		Debug|Any CPU = Debug|Any CPU
		Debug|x86 = Debug|x86
		Release|Any CPU = Release|Any CPU
		Release|x86 = Release|x86
	EndGlobalSection
	GlobalSection(ProjectConfigurationPlatforms) = postSolution
		{E1714731-702B-4E50-930B-4EE03A30BB30}.Android|Any CPU.ActiveCfg = Release|x86
		{E1714731-702B-4E50-930B-4EE03A30BB30}.Android|Any CPU.Build.0 = Release|x86
		{E1714731-702B-4E50-930B-4EE03A30BB30}.Android|x86.ActiveCfg = Release|x86
		{E1714731-702B-4E50-930B-4EE03A30BB30}.Android|x86.Build.0 = Release|x86
		{E1714731-702B-4E50-930B-4EE03A30BB30}.Debug_Unity|Any CPU.ActiveCfg = Debug|x86
		{E1714731-702B-4E50-930B-4EE03A30BB30}.Debug_Unity|Any CPU.Build.0 = Debug|x86
		{E1714731-702B-4E50-930B-4EE03A30BB30}.Debug_Unity|x86.ActiveCfg = Debug|x86
		{E1714731-702B-4E50-930B-4EE03A30BB30}.Debug_Unity|x86.Build.0 = Debug|x86
		{E1714731-702B-4E50-930B-4EE03A30BB30}.Debug|Any CPU.ActiveCfg = Debug|x86
		{E1714731-702B-4E50-930B-4EE03A30BB30}.Debug|Any CPU.Build.0 = Debug|x86
		{E1714731-702B-4E50-930B-4EE03A30BB30}.Debug|x86.ActiveCfg = Debug|x86
		{E1714731-702B-4E50-930B-4EE03A30BB30}.Debug|x86.Build.0 = Debug|x86
		{E1714731-702B-4E50-930B-4EE03A30BB30}.Release|Any CPU.ActiveCfg = Release|x86
		{E1714731-702B-4E50-930B-4EE03A30BB30}.Release|Any CPU.Build.0 = Release|x86
		{E1714731-702B-4E50-930B-4EE03A30BB30}.Release|x86.ActiveCfg = Release|x86
		{E1714731-702B-4E50-930B-4EE03A30BB30}.Release|x86.Build.0 = Release|x86
		{8AE57B9A-ACED-4428-A804-993EB37E966B}.Android|Any CPU.ActiveCfg = Release|Any CPU
		{8AE57B9A-ACED-4428-A804-993EB37E966B}.Android|Any CPU.Build.0 = Release|Any CPU
		{8AE57B9A-ACED-4428-A804-993EB37E966B}.Android|x86.ActiveCfg = Release|Any CPU
		{8AE57B9A-ACED-4428-A804-993EB37E966B}.Android|x86.Build.0 = Release|Any CPU
		{8AE57B9A-ACED-4428-A804-993EB37E966B}.Debug_Unity|Any CPU.ActiveCfg = Debug|Any CPU
		{8AE57B9A-ACED-4428-A804-993EB37E966B}.Debug_Unity|Any CPU.Build.0 = Debug|Any CPU
		{8AE57B9A-ACED-4428-A804-993EB37E966B}.Debug_Unity|x86.ActiveCfg = Debug|Any CPU
		{8AE57B9A-ACED-4428-A804-993EB37E966B}.Debug_Unity|x86.Build.0 = Debug|Any CPU
		{8AE57B9A-ACED-4428-A804-993EB37E966B}.Debug|Any CPU.ActiveCfg = Debug|Any CPU
		{8AE57B9A-ACED-4428-A804-993EB37E966B}.Debug|Any CPU.Build.0 = Debug|Any CPU
		{8AE57B9A-ACED-4428-A804-993EB37E966B}.Debug|x86.ActiveCfg = Debug|Any CPU
		{8AE57B9A-ACED-4428-A804-993EB37E966B}.Debug|x86.Build.0 = Debug|Any CPU
		{8AE57B9A-ACED-4428-A804-993EB37E966B}.Release|Any CPU.ActiveCfg = Release|Any CPU
		{8AE57B9A-ACED-4428-A804-993EB37E966B}.Release|Any CPU.Build.0 = Release|Any CPU
		{8AE57B9A-ACED-4428-A804-993EB37E966B}.Release|x86.ActiveCfg = Release|Any CPU
		{8AE57B9A-ACED-4428-A804-993EB37E966B}.Release|x86.Build.0 = Release|Any CPU
		{6877F982-BB8D-428E-B017-AFB86A00BE95}.Android|Any CPU.ActiveCfg = Debug_Unity|Any CPU
		{6877F982-BB8D-428E-B017-AFB86A00BE95}.Android|Any CPU.Build.0 = Debug_Unity|Any CPU
		{6877F982-BB8D-428E-B017-AFB86A00BE95}.Android|x86.ActiveCfg = Debug_Unity|Any CPU
		{6877F982-BB8D-428E-B017-AFB86A00BE95}.Android|x86.Build.0 = Debug_Unity|Any CPU
		{6877F982-BB8D-428E-B017-AFB86A00BE95}.Debug_Unity|Any CPU.ActiveCfg = Debug_Unity|Any CPU
		{6877F982-BB8D-428E-B017-AFB86A00BE95}.Debug_Unity|Any CPU.Build.0 = Debug_Unity|Any CPU
		{6877F982-BB8D-428E-B017-AFB86A00BE95}.Debug_Unity|x86.ActiveCfg = Debug_Unity|Any CPU
		{6877F982-BB8D-428E-B017-AFB86A00BE95}.Debug_Unity|x86.Build.0 = Debug_Unity|Any CPU
		{6877F982-BB8D-428E-B017-AFB86A00BE95}.Debug|Any CPU.ActiveCfg = Debug|Any CPU
		{6877F982-BB8D-428E-B017-AFB86A00BE95}.Debug|Any CPU.Build.0 = Debug|Any CPU
		{6877F982-BB8D-428E-B017-AFB86A00BE95}.Debug|x86.ActiveCfg = Debug|Any CPU
		{6877F982-BB8D-428E-B017-AFB86A00BE95}.Debug|x86.Build.0 = Debug|Any CPU
		{6877F982-BB8D-428E-B017-AFB86A00BE95}.Release|Any CPU.ActiveCfg = Release|Any CPU
		{6877F982-BB8D-428E-B017-AFB86A00BE95}.Release|Any CPU.Build.0 = Release|Any CPU
		{6877F982-BB8D-428E-B017-AFB86A00BE95}.Release|x86.ActiveCfg = Release|Any CPU
		{6877F982-BB8D-428E-B017-AFB86A00BE95}.Release|x86.Build.0 = Release|Any CPU
		{CF14D004-09B0-40F1-AA3F-680315AE5B01}.Android|Any CPU.ActiveCfg = Release|x86
		{CF14D004-09B0-40F1-AA3F-680315AE5B01}.Android|Any CPU.Build.0 = Release|x86
		{CF14D004-09B0-40F1-AA3F-680315AE5B01}.Android|x86.ActiveCfg = Release|x86
		{CF14D004-09B0-40F1-AA3F-680315AE5B01}.Android|x86.Build.0 = Release|x86
		{CF14D004-09B0-40F1-AA3F-680315AE5B01}.Debug_Unity|Any CPU.ActiveCfg = Debug|x86
		{CF14D004-09B0-40F1-AA3F-680315AE5B01}.Debug_Unity|Any CPU.Build.0 = Debug|x86
		{CF14D004-09B0-40F1-AA3F-680315AE5B01}.Debug_Unity|x86.ActiveCfg = Debug|x86
		{CF14D004-09B0-40F1-AA3F-680315AE5B01}.Debug_Unity|x86.Build.0 = Debug|x86
		{CF14D004-09B0-40F1-AA3F-680315AE5B01}.Debug|Any CPU.ActiveCfg = Debug|x86
		{CF14D004-09B0-40F1-AA3F-680315AE5B01}.Debug|Any CPU.Build.0 = Debug|x86
		{CF14D004-09B0-40F1-AA3F-680315AE5B01}.Debug|x86.ActiveCfg = Debug|x86
		{CF14D004-09B0-40F1-AA3F-680315AE5B01}.Debug|x86.Build.0 = Debug|x86
		{CF14D004-09B0-40F1-AA3F-680315AE5B01}.Release|Any CPU.ActiveCfg = Release|x86
		{CF14D004-09B0-40F1-AA3F-680315AE5B01}.Release|Any CPU.Build.0 = Release|x86
		{CF14D004-09B0-40F1-AA3F-680315AE5B01}.Release|x86.ActiveCfg = Release|x86
		{CF14D004-09B0-40F1-AA3F-680315AE5B01}.Release|x86.Build.0 = Release|x86
		{DE59F03B-351D-490B-AD42-20D21D0C57EE}.Android|Any CPU.ActiveCfg = Release|Any CPU
		{DE59F03B-351D-490B-AD42-20D21D0C57EE}.Android|Any CPU.Build.0 = Release|Any CPU
		{DE59F03B-351D-490B-AD42-20D21D0C57EE}.Android|x86.ActiveCfg = Release|Any CPU
		{DE59F03B-351D-490B-AD42-20D21D0C57EE}.Android|x86.Build.0 = Release|Any CPU
		{DE59F03B-351D-490B-AD42-20D21D0C57EE}.Debug_Unity|Any CPU.ActiveCfg = Debug|Any CPU
		{DE59F03B-351D-490B-AD42-20D21D0C57EE}.Debug_Unity|Any CPU.Build.0 = Debug|Any CPU
		{DE59F03B-351D-490B-AD42-20D21D0C57EE}.Debug_Unity|x86.ActiveCfg = Debug|Any CPU
		{DE59F03B-351D-490B-AD42-20D21D0C57EE}.Debug_Unity|x86.Build.0 = Debug|Any CPU
		{DE59F03B-351D-490B-AD42-20D21D0C57EE}.Debug|Any CPU.ActiveCfg = Debug|Any CPU
		{DE59F03B-351D-490B-AD42-20D21D0C57EE}.Debug|Any CPU.Build.0 = Debug|Any CPU
		{DE59F03B-351D-490B-AD42-20D21D0C57EE}.Debug|x86.ActiveCfg = Debug|Any CPU
		{DE59F03B-351D-490B-AD42-20D21D0C57EE}.Debug|x86.Build.0 = Debug|Any CPU
		{DE59F03B-351D-490B-AD42-20D21D0C57EE}.Release|Any CPU.ActiveCfg = Release|Any CPU
		{DE59F03B-351D-490B-AD42-20D21D0C57EE}.Release|Any CPU.Build.0 = Release|Any CPU
		{DE59F03B-351D-490B-AD42-20D21D0C57EE}.Release|x86.ActiveCfg = Release|Any CPU
		{DE59F03B-351D-490B-AD42-20D21D0C57EE}.Release|x86.Build.0 = Release|Any CPU
		{E9D5339C-633F-498F-8AE4-8FA0B61FB5D7}.Android|Any CPU.ActiveCfg = Release|Any CPU
		{E9D5339C-633F-498F-8AE4-8FA0B61FB5D7}.Android|Any CPU.Build.0 = Release|Any CPU
		{E9D5339C-633F-498F-8AE4-8FA0B61FB5D7}.Android|x86.ActiveCfg = Release|Any CPU
		{E9D5339C-633F-498F-8AE4-8FA0B61FB5D7}.Android|x86.Build.0 = Release|Any CPU
		{E9D5339C-633F-498F-8AE4-8FA0B61FB5D7}.Debug_Unity|Any CPU.ActiveCfg = Debug|Any CPU
		{E9D5339C-633F-498F-8AE4-8FA0B61FB5D7}.Debug_Unity|Any CPU.Build.0 = Debug|Any CPU
		{E9D5339C-633F-498F-8AE4-8FA0B61FB5D7}.Debug_Unity|x86.ActiveCfg = Debug|Any CPU
		{E9D5339C-633F-498F-8AE4-8FA0B61FB5D7}.Debug_Unity|x86.Build.0 = Debug|Any CPU
		{E9D5339C-633F-498F-8AE4-8FA0B61FB5D7}.Debug|Any CPU.ActiveCfg = Debug|Any CPU
		{E9D5339C-633F-498F-8AE4-8FA0B61FB5D7}.Debug|Any CPU.Build.0 = Debug|Any CPU
		{E9D5339C-633F-498F-8AE4-8FA0B61FB5D7}.Debug|x86.ActiveCfg = Debug|Any CPU
		{E9D5339C-633F-498F-8AE4-8FA0B61FB5D7}.Debug|x86.Build.0 = Debug|Any CPU
		{E9D5339C-633F-498F-8AE4-8FA0B61FB5D7}.Release|Any CPU.ActiveCfg = Release|Any CPU
		{E9D5339C-633F-498F-8AE4-8FA0B61FB5D7}.Release|Any CPU.Build.0 = Release|Any CPU
		{E9D5339C-633F-498F-8AE4-8FA0B61FB5D7}.Release|x86.ActiveCfg = Release|Any CPU
		{E9D5339C-633F-498F-8AE4-8FA0B61FB5D7}.Release|x86.Build.0 = Release|Any CPU
		{D4B75AEE-412B-45BF-B9AB-911641272454}.Android|Any CPU.ActiveCfg = Release|Any CPU
		{D4B75AEE-412B-45BF-B9AB-911641272454}.Android|Any CPU.Build.0 = Release|Any CPU
		{D4B75AEE-412B-45BF-B9AB-911641272454}.Android|x86.ActiveCfg = Release|Any CPU
		{D4B75AEE-412B-45BF-B9AB-911641272454}.Android|x86.Build.0 = Release|Any CPU
		{D4B75AEE-412B-45BF-B9AB-911641272454}.Debug_Unity|Any CPU.ActiveCfg = Debug|Any CPU
		{D4B75AEE-412B-45BF-B9AB-911641272454}.Debug_Unity|Any CPU.Build.0 = Debug|Any CPU
		{D4B75AEE-412B-45BF-B9AB-911641272454}.Debug_Unity|x86.ActiveCfg = Debug|Any CPU
		{D4B75AEE-412B-45BF-B9AB-911641272454}.Debug_Unity|x86.Build.0 = Debug|Any CPU
		{D4B75AEE-412B-45BF-B9AB-911641272454}.Debug|Any CPU.ActiveCfg = Debug|Any CPU
		{D4B75AEE-412B-45BF-B9AB-911641272454}.Debug|Any CPU.Build.0 = Debug|Any CPU
		{D4B75AEE-412B-45BF-B9AB-911641272454}.Debug|x86.ActiveCfg = Debug|Any CPU
		{D4B75AEE-412B-45BF-B9AB-911641272454}.Debug|x86.Build.0 = Debug|Any CPU
		{D4B75AEE-412B-45BF-B9AB-911641272454}.Release|Any CPU.ActiveCfg = Release|Any CPU
		{D4B75AEE-412B-45BF-B9AB-911641272454}.Release|Any CPU.Build.0 = Release|Any CPU
		{D4B75AEE-412B-45BF-B9AB-911641272454}.Release|x86.ActiveCfg = Release|Any CPU
		{D4B75AEE-412B-45BF-B9AB-911641272454}.Release|x86.Build.0 = Release|Any CPU
		{0280287A-0E7F-4314-9D8F-9616EA3C2AB2}.Android|Any CPU.ActiveCfg = Release|Any CPU
		{0280287A-0E7F-4314-9D8F-9616EA3C2AB2}.Android|Any CPU.Build.0 = Release|Any CPU
		{0280287A-0E7F-4314-9D8F-9616EA3C2AB2}.Android|x86.ActiveCfg = Release|Any CPU
		{0280287A-0E7F-4314-9D8F-9616EA3C2AB2}.Android|x86.Build.0 = Release|Any CPU
		{0280287A-0E7F-4314-9D8F-9616EA3C2AB2}.Debug_Unity|Any CPU.ActiveCfg = Debug|Any CPU
		{0280287A-0E7F-4314-9D8F-9616EA3C2AB2}.Debug_Unity|Any CPU.Build.0 = Debug|Any CPU
		{0280287A-0E7F-4314-9D8F-9616EA3C2AB2}.Debug_Unity|x86.ActiveCfg = Debug|Any CPU
		{0280287A-0E7F-4314-9D8F-9616EA3C2AB2}.Debug_Unity|x86.Build.0 = Debug|Any CPU
		{0280287A-0E7F-4314-9D8F-9616EA3C2AB2}.Debug|Any CPU.ActiveCfg = Debug|Any CPU
		{0280287A-0E7F-4314-9D8F-9616EA3C2AB2}.Debug|Any CPU.Build.0 = Debug|Any CPU
		{0280287A-0E7F-4314-9D8F-9616EA3C2AB2}.Debug|x86.ActiveCfg = Debug|Any CPU
		{0280287A-0E7F-4314-9D8F-9616EA3C2AB2}.Debug|x86.Build.0 = Debug|Any CPU
		{0280287A-0E7F-4314-9D8F-9616EA3C2AB2}.Release|Any CPU.ActiveCfg = Release|Any CPU
		{0280287A-0E7F-4314-9D8F-9616EA3C2AB2}.Release|Any CPU.Build.0 = Release|Any CPU
		{0280287A-0E7F-4314-9D8F-9616EA3C2AB2}.Release|x86.ActiveCfg = Release|Any CPU
		{0280287A-0E7F-4314-9D8F-9616EA3C2AB2}.Release|x86.Build.0 = Release|Any CPU
		{27C63DE1-22BF-4791-8E27-7BE28D6531B0}.Android|Any CPU.ActiveCfg = Release|Any CPU
		{27C63DE1-22BF-4791-8E27-7BE28D6531B0}.Android|Any CPU.Build.0 = Release|Any CPU
		{27C63DE1-22BF-4791-8E27-7BE28D6531B0}.Android|x86.ActiveCfg = Release|Any CPU
		{27C63DE1-22BF-4791-8E27-7BE28D6531B0}.Android|x86.Build.0 = Release|Any CPU
		{27C63DE1-22BF-4791-8E27-7BE28D6531B0}.Debug_Unity|Any CPU.ActiveCfg = Debug|Any CPU
		{27C63DE1-22BF-4791-8E27-7BE28D6531B0}.Debug_Unity|Any CPU.Build.0 = Debug|Any CPU
		{27C63DE1-22BF-4791-8E27-7BE28D6531B0}.Debug_Unity|x86.ActiveCfg = Debug|Any CPU
		{27C63DE1-22BF-4791-8E27-7BE28D6531B0}.Debug_Unity|x86.Build.0 = Debug|Any CPU
		{27C63DE1-22BF-4791-8E27-7BE28D6531B0}.Debug|Any CPU.ActiveCfg = Debug|Any CPU
		{27C63DE1-22BF-4791-8E27-7BE28D6531B0}.Debug|Any CPU.Build.0 = Debug|Any CPU
		{27C63DE1-22BF-4791-8E27-7BE28D6531B0}.Debug|x86.ActiveCfg = Debug|Any CPU
		{27C63DE1-22BF-4791-8E27-7BE28D6531B0}.Debug|x86.Build.0 = Debug|Any CPU
		{27C63DE1-22BF-4791-8E27-7BE28D6531B0}.Release|Any CPU.ActiveCfg = Release|Any CPU
		{27C63DE1-22BF-4791-8E27-7BE28D6531B0}.Release|Any CPU.Build.0 = Release|Any CPU
		{27C63DE1-22BF-4791-8E27-7BE28D6531B0}.Release|x86.ActiveCfg = Release|Any CPU
		{27C63DE1-22BF-4791-8E27-7BE28D6531B0}.Release|x86.Build.0 = Release|Any CPU
		{ACA2AA50-6795-4730-BF62-1D7FA4CA977F}.Android|Any CPU.ActiveCfg = Release|Any CPU
		{ACA2AA50-6795-4730-BF62-1D7FA4CA977F}.Android|Any CPU.Build.0 = Release|Any CPU
		{ACA2AA50-6795-4730-BF62-1D7FA4CA977F}.Android|x86.ActiveCfg = Release|Any CPU
		{ACA2AA50-6795-4730-BF62-1D7FA4CA977F}.Android|x86.Build.0 = Release|Any CPU
		{ACA2AA50-6795-4730-BF62-1D7FA4CA977F}.Debug_Unity|Any CPU.ActiveCfg = Debug|Any CPU
		{ACA2AA50-6795-4730-BF62-1D7FA4CA977F}.Debug_Unity|Any CPU.Build.0 = Debug|Any CPU
		{ACA2AA50-6795-4730-BF62-1D7FA4CA977F}.Debug_Unity|x86.ActiveCfg = Debug|Any CPU
		{ACA2AA50-6795-4730-BF62-1D7FA4CA977F}.Debug_Unity|x86.Build.0 = Debug|Any CPU
		{ACA2AA50-6795-4730-BF62-1D7FA4CA977F}.Debug|Any CPU.ActiveCfg = Debug|Any CPU
		{ACA2AA50-6795-4730-BF62-1D7FA4CA977F}.Debug|Any CPU.Build.0 = Debug|Any CPU
		{ACA2AA50-6795-4730-BF62-1D7FA4CA977F}.Debug|x86.ActiveCfg = Debug|Any CPU
		{ACA2AA50-6795-4730-BF62-1D7FA4CA977F}.Debug|x86.Build.0 = Debug|Any CPU
		{ACA2AA50-6795-4730-BF62-1D7FA4CA977F}.Release|Any CPU.ActiveCfg = Release|Any CPU
		{ACA2AA50-6795-4730-BF62-1D7FA4CA977F}.Release|Any CPU.Build.0 = Release|Any CPU
		{ACA2AA50-6795-4730-BF62-1D7FA4CA977F}.Release|x86.ActiveCfg = Release|Any CPU
		{ACA2AA50-6795-4730-BF62-1D7FA4CA977F}.Release|x86.Build.0 = Release|Any CPU
		{00529D8C-FE79-4C33-8FEA-9FE6714BA4ED}.Android|Any CPU.ActiveCfg = Release|Any CPU
		{00529D8C-FE79-4C33-8FEA-9FE6714BA4ED}.Android|Any CPU.Build.0 = Release|Any CPU
		{00529D8C-FE79-4C33-8FEA-9FE6714BA4ED}.Android|x86.ActiveCfg = Release|Any CPU
		{00529D8C-FE79-4C33-8FEA-9FE6714BA4ED}.Android|x86.Build.0 = Release|Any CPU
		{00529D8C-FE79-4C33-8FEA-9FE6714BA4ED}.Debug_Unity|Any CPU.ActiveCfg = Debug|Any CPU
		{00529D8C-FE79-4C33-8FEA-9FE6714BA4ED}.Debug_Unity|Any CPU.Build.0 = Debug|Any CPU
		{00529D8C-FE79-4C33-8FEA-9FE6714BA4ED}.Debug_Unity|x86.ActiveCfg = Debug|Any CPU
		{00529D8C-FE79-4C33-8FEA-9FE6714BA4ED}.Debug_Unity|x86.Build.0 = Debug|Any CPU
		{00529D8C-FE79-4C33-8FEA-9FE6714BA4ED}.Debug|Any CPU.ActiveCfg = Debug|Any CPU
		{00529D8C-FE79-4C33-8FEA-9FE6714BA4ED}.Debug|Any CPU.Build.0 = Debug|Any CPU
		{00529D8C-FE79-4C33-8FEA-9FE6714BA4ED}.Debug|x86.ActiveCfg = Debug|Any CPU
		{00529D8C-FE79-4C33-8FEA-9FE6714BA4ED}.Debug|x86.Build.0 = Debug|Any CPU
		{00529D8C-FE79-4C33-8FEA-9FE6714BA4ED}.Release|Any CPU.ActiveCfg = Release|Any CPU
		{00529D8C-FE79-4C33-8FEA-9FE6714BA4ED}.Release|Any CPU.Build.0 = Release|Any CPU
		{00529D8C-FE79-4C33-8FEA-9FE6714BA4ED}.Release|x86.ActiveCfg = Release|Any CPU
		{00529D8C-FE79-4C33-8FEA-9FE6714BA4ED}.Release|x86.Build.0 = Release|Any CPU
		{BF24F5DD-FF00-423C-8E23-55F46257D75F}.Android|Any CPU.ActiveCfg = Release|Any CPU
		{BF24F5DD-FF00-423C-8E23-55F46257D75F}.Android|Any CPU.Build.0 = Release|Any CPU
		{BF24F5DD-FF00-423C-8E23-55F46257D75F}.Android|x86.ActiveCfg = Release|Any CPU
		{BF24F5DD-FF00-423C-8E23-55F46257D75F}.Android|x86.Build.0 = Release|Any CPU
		{BF24F5DD-FF00-423C-8E23-55F46257D75F}.Debug_Unity|Any CPU.ActiveCfg = Debug|Any CPU
		{BF24F5DD-FF00-423C-8E23-55F46257D75F}.Debug_Unity|Any CPU.Build.0 = Debug|Any CPU
		{BF24F5DD-FF00-423C-8E23-55F46257D75F}.Debug_Unity|x86.ActiveCfg = Debug|Any CPU
		{BF24F5DD-FF00-423C-8E23-55F46257D75F}.Debug_Unity|x86.Build.0 = Debug|Any CPU
		{BF24F5DD-FF00-423C-8E23-55F46257D75F}.Debug|Any CPU.ActiveCfg = Debug|Any CPU
		{BF24F5DD-FF00-423C-8E23-55F46257D75F}.Debug|Any CPU.Build.0 = Debug|Any CPU
		{BF24F5DD-FF00-423C-8E23-55F46257D75F}.Debug|x86.ActiveCfg = Debug|Any CPU
		{BF24F5DD-FF00-423C-8E23-55F46257D75F}.Debug|x86.Build.0 = Debug|Any CPU
		{BF24F5DD-FF00-423C-8E23-55F46257D75F}.Release|Any CPU.ActiveCfg = Release|Any CPU
		{BF24F5DD-FF00-423C-8E23-55F46257D75F}.Release|Any CPU.Build.0 = Release|Any CPU
		{BF24F5DD-FF00-423C-8E23-55F46257D75F}.Release|x86.ActiveCfg = Release|Any CPU
		{BF24F5DD-FF00-423C-8E23-55F46257D75F}.Release|x86.Build.0 = Release|Any CPU
		{EE6BE3F3-B6D2-4007-A230-628BC17AAC8F}.Android|Any CPU.ActiveCfg = Release|Any CPU
		{EE6BE3F3-B6D2-4007-A230-628BC17AAC8F}.Android|Any CPU.Build.0 = Release|Any CPU
		{EE6BE3F3-B6D2-4007-A230-628BC17AAC8F}.Android|x86.ActiveCfg = Release|Any CPU
		{EE6BE3F3-B6D2-4007-A230-628BC17AAC8F}.Android|x86.Build.0 = Release|Any CPU
		{EE6BE3F3-B6D2-4007-A230-628BC17AAC8F}.Debug_Unity|Any CPU.ActiveCfg = Debug|Any CPU
		{EE6BE3F3-B6D2-4007-A230-628BC17AAC8F}.Debug_Unity|Any CPU.Build.0 = Debug|Any CPU
		{EE6BE3F3-B6D2-4007-A230-628BC17AAC8F}.Debug_Unity|x86.ActiveCfg = Debug|Any CPU
		{EE6BE3F3-B6D2-4007-A230-628BC17AAC8F}.Debug_Unity|x86.Build.0 = Debug|Any CPU
		{EE6BE3F3-B6D2-4007-A230-628BC17AAC8F}.Debug|Any CPU.ActiveCfg = Debug|Any CPU
		{EE6BE3F3-B6D2-4007-A230-628BC17AAC8F}.Debug|Any CPU.Build.0 = Debug|Any CPU
		{EE6BE3F3-B6D2-4007-A230-628BC17AAC8F}.Debug|x86.ActiveCfg = Debug|Any CPU
		{EE6BE3F3-B6D2-4007-A230-628BC17AAC8F}.Debug|x86.Build.0 = Debug|Any CPU
		{EE6BE3F3-B6D2-4007-A230-628BC17AAC8F}.Release|Any CPU.ActiveCfg = Release|Any CPU
		{EE6BE3F3-B6D2-4007-A230-628BC17AAC8F}.Release|Any CPU.Build.0 = Release|Any CPU
		{EE6BE3F3-B6D2-4007-A230-628BC17AAC8F}.Release|x86.ActiveCfg = Release|Any CPU
		{EE6BE3F3-B6D2-4007-A230-628BC17AAC8F}.Release|x86.Build.0 = Release|Any CPU
	EndGlobalSection
	GlobalSection(SolutionProperties) = preSolution
		HideSolutionNode = FALSE
	EndGlobalSection
	GlobalSection(NestedProjects) = preSolution
		{E1714731-702B-4E50-930B-4EE03A30BB30} = {D76EA213-2445-4F6A-B932-BE087E3A1D52}
		{8AE57B9A-ACED-4428-A804-993EB37E966B} = {D76EA213-2445-4F6A-B932-BE087E3A1D52}
		{6877F982-BB8D-428E-B017-AFB86A00BE95} = {60AB0B73-6557-4842-A985-FB673D203491}
		{CF14D004-09B0-40F1-AA3F-680315AE5B01} = {645C7B30-E426-4425-8608-5F92D6E0C0D1}
		{DE59F03B-351D-490B-AD42-20D21D0C57EE} = {60AB0B73-6557-4842-A985-FB673D203491}
		{E9D5339C-633F-498F-8AE4-8FA0B61FB5D7} = {645C7B30-E426-4425-8608-5F92D6E0C0D1}
		{D4B75AEE-412B-45BF-B9AB-911641272454} = {60AB0B73-6557-4842-A985-FB673D203491}
		{0280287A-0E7F-4314-9D8F-9616EA3C2AB2} = {95D4EFAD-FAF7-43B8-9C52-1F2D4EAFDDE4}
		{27C63DE1-22BF-4791-8E27-7BE28D6531B0} = {95D4EFAD-FAF7-43B8-9C52-1F2D4EAFDDE4}
		{ACA2AA50-6795-4730-BF62-1D7FA4CA977F} = {95D4EFAD-FAF7-43B8-9C52-1F2D4EAFDDE4}
		{00529D8C-FE79-4C33-8FEA-9FE6714BA4ED} = {95D4EFAD-FAF7-43B8-9C52-1F2D4EAFDDE4}
		{BF24F5DD-FF00-423C-8E23-55F46257D75F} = {D76EA213-2445-4F6A-B932-BE087E3A1D52}
		{EE6BE3F3-B6D2-4007-A230-628BC17AAC8F} = {D76EA213-2445-4F6A-B932-BE087E3A1D52}
	EndGlobalSection
EndGlobal
