
Microsoft Visual Studio Solution File, Format Version 12.00
# Visual Studio 14
VisualStudioVersion = 14.0.23107.0
MinimumVisualStudioVersion = 10.0.40219.1
Project("{FAE04EC0-301F-11D3-BF4B-00C04F79EFBC}") = "Happiness", "Happiness.csproj", "{E1714731-702B-4E50-930B-4EE03A30BB30}"
	ProjectSection(ProjectDependencies) = postProject
		{8AE57B9A-ACED-4428-A804-993EB37E966B} = {8AE57B9A-ACED-4428-A804-993EB37E966B}
	EndProjectSection
EndProject
Project("{FAE04EC0-301F-11D3-BF4B-00C04F79EFBC}") = "LogicMatrix", "LogicMatrix\LogicMatrix.csproj", "{8AE57B9A-ACED-4428-A804-993EB37E966B}"
EndProject
Project("{FAE04EC0-301F-11D3-BF4B-00C04F79EFBC}") = "HappinessAndroid", "HappinessAndroid.csproj", "{2B057343-2056-4469-8CFE-0EEDC9A990E1}"
EndProject
Project("{FAE04EC0-301F-11D3-BF4B-00C04F79EFBC}") = "NetworkCore", "NetworkCore\NetworkCore.csproj", "{6877F982-BB8D-428E-B017-AFB86A00BE95}"
EndProject
Project("{FAE04EC0-301F-11D3-BF4B-00C04F79EFBC}") = "GlobalServer", "GlobalServer\GlobalServer.csproj", "{CF14D004-09B0-40F1-AA3F-680315AE5B01}"
EndProject
Project("{FAE04EC0-301F-11D3-BF4B-00C04F79EFBC}") = "ServerCore", "ServerCore\ServerCore.csproj", "{DE59F03B-351D-490B-AD42-20D21D0C57EE}"
EndProject
Project("{FAE04EC0-301F-11D3-BF4B-00C04F79EFBC}") = "HappinessServer", "HappinessServer\HappinessServer.csproj", "{E9D5339C-633F-498F-8AE4-8FA0B61FB5D7}"
EndProject
Project("{FAE04EC0-301F-11D3-BF4B-00C04F79EFBC}") = "HappinessNetwork", "HappinessNetwork\HappinessNetwork.csproj", "{D4B75AEE-412B-45BF-B9AB-911641272454}"
EndProject
Global
	GlobalSection(SolutionConfigurationPlatforms) = preSolution
		Android|Any CPU = Android|Any CPU
		Android|x86 = Android|x86
		Debug_Unity|Any CPU = Debug_Unity|Any CPU
		Debug_Unity|x86 = Debug_Unity|x86
		Debug|Any CPU = Debug|Any CPU
		Debug|x86 = Debug|x86
		Release|Any CPU = Release|Any CPU
		Release|x86 = Release|x86
	EndGlobalSection
	GlobalSection(ProjectConfigurationPlatforms) = postSolution
		{E1714731-702B-4E50-930B-4EE03A30BB30}.Android|Any CPU.ActiveCfg = Release|x86
		{E1714731-702B-4E50-930B-4EE03A30BB30}.Android|Any CPU.Build.0 = Release|x86
		{E1714731-702B-4E50-930B-4EE03A30BB30}.Android|x86.ActiveCfg = Release|x86
		{E1714731-702B-4E50-930B-4EE03A30BB30}.Android|x86.Build.0 = Release|x86
		{E1714731-702B-4E50-930B-4EE03A30BB30}.Debug_Unity|Any CPU.ActiveCfg = Debug|x86
		{E1714731-702B-4E50-930B-4EE03A30BB30}.Debug_Unity|Any CPU.Build.0 = Debug|x86
		{E1714731-702B-4E50-930B-4EE03A30BB30}.Debug_Unity|x86.ActiveCfg = Debug|x86
		{E1714731-702B-4E50-930B-4EE03A30BB30}.Debug_Unity|x86.Build.0 = Debug|x86
		{E1714731-702B-4E50-930B-4EE03A30BB30}.Debug|Any CPU.ActiveCfg = Debug|x86
		{E1714731-702B-4E50-930B-4EE03A30BB30}.Debug|Any CPU.Build.0 = Debug|x86
		{E1714731-702B-4E50-930B-4EE03A30BB30}.Debug|x86.ActiveCfg = Debug|x86
		{E1714731-702B-4E50-930B-4EE03A30BB30}.Debug|x86.Build.0 = Debug|x86
		{E1714731-702B-4E50-930B-4EE03A30BB30}.Release|Any CPU.ActiveCfg = Release|x86
		{E1714731-702B-4E50-930B-4EE03A30BB30}.Release|Any CPU.Build.0 = Release|x86
		{E1714731-702B-4E50-930B-4EE03A30BB30}.Release|x86.ActiveCfg = Release|x86
		{E1714731-702B-4E50-930B-4EE03A30BB30}.Release|x86.Build.0 = Release|x86
		{8AE57B9A-ACED-4428-A804-993EB37E966B}.Android|Any CPU.ActiveCfg = Release|Any CPU
		{8AE57B9A-ACED-4428-A804-993EB37E966B}.Android|Any CPU.Build.0 = Release|Any CPU
		{8AE57B9A-ACED-4428-A804-993EB37E966B}.Android|x86.ActiveCfg = Release|Any CPU
		{8AE57B9A-ACED-4428-A804-993EB37E966B}.Android|x86.Build.0 = Release|Any CPU
		{8AE57B9A-ACED-4428-A804-993EB37E966B}.Debug_Unity|Any CPU.ActiveCfg = Debug|Any CPU
		{8AE57B9A-ACED-4428-A804-993EB37E966B}.Debug_Unity|Any CPU.Build.0 = Debug|Any CPU
		{8AE57B9A-ACED-4428-A804-993EB37E966B}.Debug_Unity|x86.ActiveCfg = Debug|Any CPU
		{8AE57B9A-ACED-4428-A804-993EB37E966B}.Debug_Unity|x86.Build.0 = Debug|Any CPU
		{8AE57B9A-ACED-4428-A804-993EB37E966B}.Debug|Any CPU.ActiveCfg = Debug|Any CPU
		{8AE57B9A-ACED-4428-A804-993EB37E966B}.Debug|Any CPU.Build.0 = Debug|Any CPU
		{8AE57B9A-ACED-4428-A804-993EB37E966B}.Debug|x86.ActiveCfg = Debug|Any CPU
		{8AE57B9A-ACED-4428-A804-993EB37E966B}.Debug|x86.Build.0 = Debug|Any CPU
		{8AE57B9A-ACED-4428-A804-993EB37E966B}.Release|Any CPU.ActiveCfg = Release|Any CPU
		{8AE57B9A-ACED-4428-A804-993EB37E966B}.Release|Any CPU.Build.0 = Release|Any CPU
		{8AE57B9A-ACED-4428-A804-993EB37E966B}.Release|x86.ActiveCfg = Release|Any CPU
		{8AE57B9A-ACED-4428-A804-993EB37E966B}.Release|x86.Build.0 = Release|Any CPU
		{2B057343-2056-4469-8CFE-0EEDC9A990E1}.Android|Any CPU.ActiveCfg = Release|Any CPU
		{2B057343-2056-4469-8CFE-0EEDC9A990E1}.Android|Any CPU.Build.0 = Release|Any CPU
		{2B057343-2056-4469-8CFE-0EEDC9A990E1}.Android|Any CPU.Deploy.0 = Release|Any CPU
		{2B057343-2056-4469-8CFE-0EEDC9A990E1}.Android|x86.ActiveCfg = Release|Any CPU
		{2B057343-2056-4469-8CFE-0EEDC9A990E1}.Android|x86.Build.0 = Release|Any CPU
		{2B057343-2056-4469-8CFE-0EEDC9A990E1}.Android|x86.Deploy.0 = Release|Any CPU
		{2B057343-2056-4469-8CFE-0EEDC9A990E1}.Debug_Unity|Any CPU.ActiveCfg = Debug|Any CPU
		{2B057343-2056-4469-8CFE-0EEDC9A990E1}.Debug_Unity|Any CPU.Build.0 = Debug|Any CPU
		{2B057343-2056-4469-8CFE-0EEDC9A990E1}.Debug_Unity|Any CPU.Deploy.0 = Debug|Any CPU
		{2B057343-2056-4469-8CFE-0EEDC9A990E1}.Debug_Unity|x86.ActiveCfg = Debug|Any CPU
		{2B057343-2056-4469-8CFE-0EEDC9A990E1}.Debug_Unity|x86.Build.0 = Debug|Any CPU
		{2B057343-2056-4469-8CFE-0EEDC9A990E1}.Debug_Unity|x86.Deploy.0 = Debug|Any CPU
		{2B057343-2056-4469-8CFE-0EEDC9A990E1}.Debug|Any CPU.ActiveCfg = Debug|Any CPU
		{2B057343-2056-4469-8CFE-0EEDC9A990E1}.Debug|Any CPU.Build.0 = Debug|Any CPU
		{2B057343-2056-4469-8CFE-0EEDC9A990E1}.Debug|Any CPU.Deploy.0 = Debug|Any CPU
		{2B057343-2056-4469-8CFE-0EEDC9A990E1}.Debug|x86.ActiveCfg = Debug|Any CPU
		{2B057343-2056-4469-8CFE-0EEDC9A990E1}.Debug|x86.Build.0 = Debug|Any CPU
		{2B057343-2056-4469-8CFE-0EEDC9A990E1}.Debug|x86.Deploy.0 = Debug|Any CPU
		{2B057343-2056-4469-8CFE-0EEDC9A990E1}.Release|Any CPU.ActiveCfg = Release|Any CPU
		{2B057343-2056-4469-8CFE-0EEDC9A990E1}.Release|Any CPU.Build.0 = Release|Any CPU
		{2B057343-2056-4469-8CFE-0EEDC9A990E1}.Release|Any CPU.Deploy.0 = Release|Any CPU
		{2B057343-2056-4469-8CFE-0EEDC9A990E1}.Release|x86.ActiveCfg = Release|Any CPU
		{2B057343-2056-4469-8CFE-0EEDC9A990E1}.Release|x86.Build.0 = Release|Any CPU
		{2B057343-2056-4469-8CFE-0EEDC9A990E1}.Release|x86.Deploy.0 = Release|Any CPU
		{6877F982-BB8D-428E-B017-AFB86A00BE95}.Android|Any CPU.ActiveCfg = Debug_Unity|Any CPU
		{6877F982-BB8D-428E-B017-AFB86A00BE95}.Android|Any CPU.Build.0 = Debug_Unity|Any CPU
		{6877F982-BB8D-428E-B017-AFB86A00BE95}.Android|x86.ActiveCfg = Debug_Unity|Any CPU
		{6877F982-BB8D-428E-B017-AFB86A00BE95}.Android|x86.Build.0 = Debug_Unity|Any CPU
		{6877F982-BB8D-428E-B017-AFB86A00BE95}.Debug_Unity|Any CPU.ActiveCfg = Debug_Unity|Any CPU
		{6877F982-BB8D-428E-B017-AFB86A00BE95}.Debug_Unity|Any CPU.Build.0 = Debug_Unity|Any CPU
		{6877F982-BB8D-428E-B017-AFB86A00BE95}.Debug_Unity|x86.ActiveCfg = Debug_Unity|Any CPU
		{6877F982-BB8D-428E-B017-AFB86A00BE95}.Debug_Unity|x86.Build.0 = Debug_Unity|Any CPU
		{6877F982-BB8D-428E-B017-AFB86A00BE95}.Debug|Any CPU.ActiveCfg = Debug|Any CPU
		{6877F982-BB8D-428E-B017-AFB86A00BE95}.Debug|Any CPU.Build.0 = Debug|Any CPU
		{6877F982-BB8D-428E-B017-AFB86A00BE95}.Debug|x86.ActiveCfg = Debug|Any CPU
		{6877F982-BB8D-428E-B017-AFB86A00BE95}.Debug|x86.Build.0 = Debug|Any CPU
		{6877F982-BB8D-428E-B017-AFB86A00BE95}.Release|Any CPU.ActiveCfg = Release|Any CPU
		{6877F982-BB8D-428E-B017-AFB86A00BE95}.Release|Any CPU.Build.0 = Release|Any CPU
		{6877F982-BB8D-428E-B017-AFB86A00BE95}.Release|x86.ActiveCfg = Release|Any CPU
		{6877F982-BB8D-428E-B017-AFB86A00BE95}.Release|x86.Build.0 = Release|Any CPU
		{CF14D004-09B0-40F1-AA3F-680315AE5B01}.Android|Any CPU.ActiveCfg = Release|x86
		{CF14D004-09B0-40F1-AA3F-680315AE5B01}.Android|Any CPU.Build.0 = Release|x86
		{CF14D004-09B0-40F1-AA3F-680315AE5B01}.Android|x86.ActiveCfg = Release|x86
		{CF14D004-09B0-40F1-AA3F-680315AE5B01}.Android|x86.Build.0 = Release|x86
		{CF14D004-09B0-40F1-AA3F-680315AE5B01}.Debug_Unity|Any CPU.ActiveCfg = Release|x86
		{CF14D004-09B0-40F1-AA3F-680315AE5B01}.Debug_Unity|Any CPU.Build.0 = Release|x86
		{CF14D004-09B0-40F1-AA3F-680315AE5B01}.Debug_Unity|x86.ActiveCfg = Debug|x86
		{CF14D004-09B0-40F1-AA3F-680315AE5B01}.Debug_Unity|x86.Build.0 = Debug|x86
		{CF14D004-09B0-40F1-AA3F-680315AE5B01}.Debug|Any CPU.ActiveCfg = Debug|x86
		{CF14D004-09B0-40F1-AA3F-680315AE5B01}.Debug|x86.ActiveCfg = Debug|x86
		{CF14D004-09B0-40F1-AA3F-680315AE5B01}.Debug|x86.Build.0 = Debug|x86
		{CF14D004-09B0-40F1-AA3F-680315AE5B01}.Release|Any CPU.ActiveCfg = Release|x86
		{CF14D004-09B0-40F1-AA3F-680315AE5B01}.Release|x86.ActiveCfg = Release|x86
		{CF14D004-09B0-40F1-AA3F-680315AE5B01}.Release|x86.Build.0 = Release|x86
		{DE59F03B-351D-490B-AD42-20D21D0C57EE}.Android|Any CPU.ActiveCfg = Release|Any CPU
		{DE59F03B-351D-490B-AD42-20D21D0C57EE}.Android|Any CPU.Build.0 = Release|Any CPU
		{DE59F03B-351D-490B-AD42-20D21D0C57EE}.Android|x86.ActiveCfg = Release|Any CPU
		{DE59F03B-351D-490B-AD42-20D21D0C57EE}.Android|x86.Build.0 = Release|Any CPU
		{DE59F03B-351D-490B-AD42-20D21D0C57EE}.Debug_Unity|Any CPU.ActiveCfg = Debug|Any CPU
		{DE59F03B-351D-490B-AD42-20D21D0C57EE}.Debug_Unity|Any CPU.Build.0 = Debug|Any CPU
		{DE59F03B-351D-490B-AD42-20D21D0C57EE}.Debug_Unity|x86.ActiveCfg = Debug|Any CPU
		{DE59F03B-351D-490B-AD42-20D21D0C57EE}.Debug_Unity|x86.Build.0 = Debug|Any CPU
		{DE59F03B-351D-490B-AD42-20D21D0C57EE}.Debug|Any CPU.ActiveCfg = Debug|Any CPU
		{DE59F03B-351D-490B-AD42-20D21D0C57EE}.Debug|Any CPU.Build.0 = Debug|Any CPU
		{DE59F03B-351D-490B-AD42-20D21D0C57EE}.Debug|x86.ActiveCfg = Debug|Any CPU
		{DE59F03B-351D-490B-AD42-20D21D0C57EE}.Debug|x86.Build.0 = Debug|Any CPU
		{DE59F03B-351D-490B-AD42-20D21D0C57EE}.Release|Any CPU.ActiveCfg = Release|Any CPU
		{DE59F03B-351D-490B-AD42-20D21D0C57EE}.Release|Any CPU.Build.0 = Release|Any CPU
		{DE59F03B-351D-490B-AD42-20D21D0C57EE}.Release|x86.ActiveCfg = Release|Any CPU
		{DE59F03B-351D-490B-AD42-20D21D0C57EE}.Release|x86.Build.0 = Release|Any CPU
		{E9D5339C-633F-498F-8AE4-8FA0B61FB5D7}.Android|Any CPU.ActiveCfg = Release|Any CPU
		{E9D5339C-633F-498F-8AE4-8FA0B61FB5D7}.Android|Any CPU.Build.0 = Release|Any CPU
		{E9D5339C-633F-498F-8AE4-8FA0B61FB5D7}.Android|x86.ActiveCfg = Release|Any CPU
		{E9D5339C-633F-498F-8AE4-8FA0B61FB5D7}.Android|x86.Build.0 = Release|Any CPU
		{E9D5339C-633F-498F-8AE4-8FA0B61FB5D7}.Debug_Unity|Any CPU.ActiveCfg = Debug|Any CPU
		{E9D5339C-633F-498F-8AE4-8FA0B61FB5D7}.Debug_Unity|Any CPU.Build.0 = Debug|Any CPU
		{E9D5339C-633F-498F-8AE4-8FA0B61FB5D7}.Debug_Unity|x86.ActiveCfg = Debug|Any CPU
		{E9D5339C-633F-498F-8AE4-8FA0B61FB5D7}.Debug_Unity|x86.Build.0 = Debug|Any CPU
		{E9D5339C-633F-498F-8AE4-8FA0B61FB5D7}.Debug|Any CPU.ActiveCfg = Debug|Any CPU
		{E9D5339C-633F-498F-8AE4-8FA0B61FB5D7}.Debug|Any CPU.Build.0 = Debug|Any CPU
		{E9D5339C-633F-498F-8AE4-8FA0B61FB5D7}.Debug|x86.ActiveCfg = Debug|Any CPU
		{E9D5339C-633F-498F-8AE4-8FA0B61FB5D7}.Debug|x86.Build.0 = Debug|Any CPU
		{E9D5339C-633F-498F-8AE4-8FA0B61FB5D7}.Release|Any CPU.ActiveCfg = Release|Any CPU
		{E9D5339C-633F-498F-8AE4-8FA0B61FB5D7}.Release|Any CPU.Build.0 = Release|Any CPU
		{E9D5339C-633F-498F-8AE4-8FA0B61FB5D7}.Release|x86.ActiveCfg = Release|Any CPU
		{E9D5339C-633F-498F-8AE4-8FA0B61FB5D7}.Release|x86.Build.0 = Release|Any CPU
		{D4B75AEE-412B-45BF-B9AB-911641272454}.Android|Any CPU.ActiveCfg = Release|Any CPU
		{D4B75AEE-412B-45BF-B9AB-911641272454}.Android|Any CPU.Build.0 = Release|Any CPU
		{D4B75AEE-412B-45BF-B9AB-911641272454}.Android|x86.ActiveCfg = Release|Any CPU
		{D4B75AEE-412B-45BF-B9AB-911641272454}.Android|x86.Build.0 = Release|Any CPU
		{D4B75AEE-412B-45BF-B9AB-911641272454}.Debug_Unity|Any CPU.ActiveCfg = Debug|Any CPU
		{D4B75AEE-412B-45BF-B9AB-911641272454}.Debug_Unity|Any CPU.Build.0 = Debug|Any CPU
		{D4B75AEE-412B-45BF-B9AB-911641272454}.Debug_Unity|x86.ActiveCfg = Debug|Any CPU
		{D4B75AEE-412B-45BF-B9AB-911641272454}.Debug_Unity|x86.Build.0 = Debug|Any CPU
		{D4B75AEE-412B-45BF-B9AB-911641272454}.Debug|Any CPU.ActiveCfg = Debug|Any CPU
		{D4B75AEE-412B-45BF-B9AB-911641272454}.Debug|Any CPU.Build.0 = Debug|Any CPU
		{D4B75AEE-412B-45BF-B9AB-911641272454}.Debug|x86.ActiveCfg = Debug|Any CPU
		{D4B75AEE-412B-45BF-B9AB-911641272454}.Debug|x86.Build.0 = Debug|Any CPU
		{D4B75AEE-412B-45BF-B9AB-911641272454}.Release|Any CPU.ActiveCfg = Release|Any CPU
		{D4B75AEE-412B-45BF-B9AB-911641272454}.Release|Any CPU.Build.0 = Release|Any CPU
		{D4B75AEE-412B-45BF-B9AB-911641272454}.Release|x86.ActiveCfg = Release|Any CPU
		{D4B75AEE-412B-45BF-B9AB-911641272454}.Release|x86.Build.0 = Release|Any CPU
	EndGlobalSection
	GlobalSection(SolutionProperties) = preSolution
		HideSolutionNode = FALSE
	EndGlobalSection
EndGlobal
