
Microsoft Visual Studio Solution File, Format Version 12.00
# Visual Studio 14
VisualStudioVersion = 14.0.25420.1
MinimumVisualStudioVersion = 10.0.40219.1
Project("{FAE04EC0-301F-11D3-BF4B-00C04F79EFBC}") = "Happiness", "Happiness.csproj", "{E1714731-702B-4E50-930B-4EE03A30BB30}"
	ProjectSection(ProjectDependencies) = postProject
		{8AE57B9A-ACED-4428-A804-993EB37E966B} = {8AE57B9A-ACED-4428-A804-993EB37E966B}
		{BF24F5DD-FF00-423C-8E23-55F46257D75F} = {BF24F5DD-FF00-423C-8E23-55F46257D75F}
		{EE6BE3F3-B6D2-4007-A230-628BC17AAC8F} = {EE6BE3F3-B6D2-4007-A230-628BC17AAC8F}
	EndProjectSection
EndProject
Project("{FAE04EC0-301F-11D3-BF4B-00C04F79EFBC}") = "LogicMatrix", "LogicMatrix\LogicMatrix.csproj", "{8AE57B9A-ACED-4428-A804-993EB37E966B}"
EndProject
Project("{FAE04EC0-301F-11D3-BF4B-00C04F79EFBC}") = "NetworkCore", "NetworkCore\NetworkCore.csproj", "{6877F982-BB8D-428E-B017-AFB86A00BE95}"
EndProject
Project("{FAE04EC0-301F-11D3-BF4B-00C04F79EFBC}") = "GlobalServer", "GlobalServer\GlobalServer.csproj", "{CF14D004-09B0-40F1-AA3F-680315AE5B01}"
EndProject
Project("{FAE04EC0-301F-11D3-BF4B-00C04F79EFBC}") = "ServerCore", "ServerCore\ServerCore.csproj", "{DE59F03B-351D-490B-AD42-20D21D0C57EE}"
EndProject
Project("{FAE04EC0-301F-11D3-BF4B-00C04F79EFBC}") = "HappinessServer", "HappinessServer\HappinessServer.csproj", "{E9D5339C-633F-498F-8AE4-8FA0B61FB5D7}"
EndProject
Project("{FAE04EC0-301F-11D3-BF4B-00C04F79EFBC}") = "HappinessNetwork", "HappinessNetwork\HappinessNetwork.csproj", "{D4B75AEE-412B-45BF-B9AB-911641272454}"
EndProject
Project("{FAE04EC0-301F-11D3-BF4B-00C04F79EFBC}") = "Hashgen", "Launcher\Hashgen\Hashgen.csproj", "{0280287A-0E7F-4314-9D8F-9616EA3C2AB2}"
EndProject
Project("{2150E333-8FDC-42A3-9474-1A3956D46DE8}") = "Launcher", "Launcher", "{95D4EFAD-FAF7-43B8-9C52-1F2D4EAFDDE4}"
EndProject
Project("{2150E333-8FDC-42A3-9474-1A3956D46DE8}") = "Core Libs", "Core Libs", "{60AB0B73-6557-4842-A985-FB673D203491}"
EndProject
Project("{2150E333-8FDC-42A3-9474-1A3956D46DE8}") = "Servers", "Servers", "{645C7B30-E426-4425-8608-5F92D6E0C0D1}"
EndProject
Project("{2150E333-8FDC-42A3-9474-1A3956D46DE8}") = "Client", "Client", "{D76EA213-2445-4F6A-B932-BE087E3A1D52}"
EndProject
Project("{FAE04EC0-301F-11D3-BF4B-00C04F79EFBC}") = "PatchGen", "Launcher\PatchGen\PatchGen.csproj", "{27C63DE1-22BF-4791-8E27-7BE28D6531B0}"
EndProject
Project("{FAE04EC0-301F-11D3-BF4B-00C04F79EFBC}") = "PatchLib", "Launcher\PatchLib\PatchLib.csproj", "{ACA2AA50-6795-4730-BF62-1D7FA4CA977F}"
EndProject
Project("{FAE04EC0-301F-11D3-BF4B-00C04F79EFBC}") = "HappinessLauncher", "Launcher\HappinessLauncher\HappinessLauncher.csproj", "{00529D8C-FE79-4C33-8FEA-9FE6714BA4ED}"
EndProject
Project("{FAE04EC0-301F-11D3-BF4B-00C04F79EFBC}") = "FacebookAuthenticator", "FacebookAuthenticator\FacebookAuthenticator.csproj", "{BF24F5DD-FF00-423C-8E23-55F46257D75F}"
EndProject
Project("{FAE04EC0-301F-11D3-BF4B-00C04F79EFBC}") = "SecretsInjector", "SecretsInjector\SecretsInjector.csproj", "{EE6BE3F3-B6D2-4007-A230-628BC17AAC8F}"
EndProject
Project("{FAE04EC0-301F-11D3-BF4B-00C04F79EFBC}") = "Happiness_Desktop", "Client\Happiness_Desktop\Happiness_Desktop.csproj", "{0C165F6C-B875-499C-9A8E-BBCD38B5EBB2}"
EndProject
Project("{FAE04EC0-301F-11D3-BF4B-00C04F79EFBC}") = "Happiness_Android", "Client\Happiness_Android\Happiness_Android.csproj", "{56D8BD09-F4B9-4150-B7DB-389DAA9CB266}"
EndProject
Project("{FAE04EC0-301F-11D3-BF4B-00C04F79EFBC}") = "Happiness_iOS", "Client\Happiness_iOS\Happiness_iOS.csproj", "{FD7462FB-FAA2-4FB4-A4D7-8C17AA6C90AD}"
EndProject
Project("{FAE04EC0-301F-11D3-BF4B-00C04F79EFBC}") = "Happiness_Core", "Client\Happiness_Core\Happiness_Core.csproj", "{B53C4E5D-702B-423E-90DA-5C9C099FC2B4}"
EndProject
Global
	GlobalSection(SolutionConfigurationPlatforms) = preSolution
		Ad-Hoc|Any CPU = Ad-Hoc|Any CPU
		Ad-Hoc|iPhone = Ad-Hoc|iPhone
		Ad-Hoc|iPhoneSimulator = Ad-Hoc|iPhoneSimulator
		Ad-Hoc|x86 = Ad-Hoc|x86
		Android|Any CPU = Android|Any CPU
		Android|iPhone = Android|iPhone
		Android|iPhoneSimulator = Android|iPhoneSimulator
		Android|x86 = Android|x86
		AppStore|Any CPU = AppStore|Any CPU
		AppStore|iPhone = AppStore|iPhone
		AppStore|iPhoneSimulator = AppStore|iPhoneSimulator
		AppStore|x86 = AppStore|x86
		Debug_Unity|Any CPU = Debug_Unity|Any CPU
		Debug_Unity|iPhone = Debug_Unity|iPhone
		Debug_Unity|iPhoneSimulator = Debug_Unity|iPhoneSimulator
		Debug_Unity|x86 = Debug_Unity|x86
		Debug|Any CPU = Debug|Any CPU
		Debug|iPhone = Debug|iPhone
		Debug|iPhoneSimulator = Debug|iPhoneSimulator
		Debug|x86 = Debug|x86
		Release|Any CPU = Release|Any CPU
		Release|iPhone = Release|iPhone
		Release|iPhoneSimulator = Release|iPhoneSimulator
		Release|x86 = Release|x86
	EndGlobalSection
	GlobalSection(ProjectConfigurationPlatforms) = postSolution
		{E1714731-702B-4E50-930B-4EE03A30BB30}.Ad-Hoc|Any CPU.ActiveCfg = Debug|x86
		{E1714731-702B-4E50-930B-4EE03A30BB30}.Ad-Hoc|Any CPU.Build.0 = Debug|x86
		{E1714731-702B-4E50-930B-4EE03A30BB30}.Ad-Hoc|iPhone.ActiveCfg = Debug|x86
		{E1714731-702B-4E50-930B-4EE03A30BB30}.Ad-Hoc|iPhone.Build.0 = Debug|x86
		{E1714731-702B-4E50-930B-4EE03A30BB30}.Ad-Hoc|iPhoneSimulator.ActiveCfg = Debug|x86
		{E1714731-702B-4E50-930B-4EE03A30BB30}.Ad-Hoc|iPhoneSimulator.Build.0 = Debug|x86
		{E1714731-702B-4E50-930B-4EE03A30BB30}.Ad-Hoc|x86.ActiveCfg = Android|x86
		{E1714731-702B-4E50-930B-4EE03A30BB30}.Ad-Hoc|x86.Build.0 = Android|x86
		{E1714731-702B-4E50-930B-4EE03A30BB30}.Android|Any CPU.ActiveCfg = Android|x86
		{E1714731-702B-4E50-930B-4EE03A30BB30}.Android|Any CPU.Build.0 = Android|x86
		{E1714731-702B-4E50-930B-4EE03A30BB30}.Android|iPhone.ActiveCfg = Android|x86
		{E1714731-702B-4E50-930B-4EE03A30BB30}.Android|iPhoneSimulator.ActiveCfg = Android|x86
		{E1714731-702B-4E50-930B-4EE03A30BB30}.Android|x86.ActiveCfg = Release|x86
		{E1714731-702B-4E50-930B-4EE03A30BB30}.Android|x86.Build.0 = Release|x86
		{E1714731-702B-4E50-930B-4EE03A30BB30}.AppStore|Any CPU.ActiveCfg = Debug|x86
		{E1714731-702B-4E50-930B-4EE03A30BB30}.AppStore|Any CPU.Build.0 = Debug|x86
		{E1714731-702B-4E50-930B-4EE03A30BB30}.AppStore|iPhone.ActiveCfg = Debug|x86
		{E1714731-702B-4E50-930B-4EE03A30BB30}.AppStore|iPhone.Build.0 = Debug|x86
		{E1714731-702B-4E50-930B-4EE03A30BB30}.AppStore|iPhoneSimulator.ActiveCfg = Debug|x86
		{E1714731-702B-4E50-930B-4EE03A30BB30}.AppStore|iPhoneSimulator.Build.0 = Debug|x86
		{E1714731-702B-4E50-930B-4EE03A30BB30}.AppStore|x86.ActiveCfg = Android|x86
		{E1714731-702B-4E50-930B-4EE03A30BB30}.AppStore|x86.Build.0 = Android|x86
		{E1714731-702B-4E50-930B-4EE03A30BB30}.Debug_Unity|Any CPU.ActiveCfg = Debug|x86
		{E1714731-702B-4E50-930B-4EE03A30BB30}.Debug_Unity|Any CPU.Build.0 = Debug|x86
		{E1714731-702B-4E50-930B-4EE03A30BB30}.Debug_Unity|iPhone.ActiveCfg = Debug|x86
		{E1714731-702B-4E50-930B-4EE03A30BB30}.Debug_Unity|iPhone.Build.0 = Debug|x86
		{E1714731-702B-4E50-930B-4EE03A30BB30}.Debug_Unity|iPhoneSimulator.ActiveCfg = Debug|x86
		{E1714731-702B-4E50-930B-4EE03A30BB30}.Debug_Unity|iPhoneSimulator.Build.0 = Debug|x86
		{E1714731-702B-4E50-930B-4EE03A30BB30}.Debug_Unity|x86.ActiveCfg = Debug|x86
		{E1714731-702B-4E50-930B-4EE03A30BB30}.Debug_Unity|x86.Build.0 = Debug|x86
		{E1714731-702B-4E50-930B-4EE03A30BB30}.Debug|Any CPU.ActiveCfg = Debug|x86
		{E1714731-702B-4E50-930B-4EE03A30BB30}.Debug|Any CPU.Build.0 = Debug|x86
		{E1714731-702B-4E50-930B-4EE03A30BB30}.Debug|iPhone.ActiveCfg = Debug|x86
		{E1714731-702B-4E50-930B-4EE03A30BB30}.Debug|iPhoneSimulator.ActiveCfg = Debug|x86
		{E1714731-702B-4E50-930B-4EE03A30BB30}.Debug|x86.ActiveCfg = Debug|x86
		{E1714731-702B-4E50-930B-4EE03A30BB30}.Debug|x86.Build.0 = Debug|x86
		{E1714731-702B-4E50-930B-4EE03A30BB30}.Release|Any CPU.ActiveCfg = Release|x86
		{E1714731-702B-4E50-930B-4EE03A30BB30}.Release|Any CPU.Build.0 = Release|x86
		{E1714731-702B-4E50-930B-4EE03A30BB30}.Release|iPhone.ActiveCfg = Release|x86
		{E1714731-702B-4E50-930B-4EE03A30BB30}.Release|iPhoneSimulator.ActiveCfg = Release|x86
		{E1714731-702B-4E50-930B-4EE03A30BB30}.Release|x86.ActiveCfg = Release|x86
		{E1714731-702B-4E50-930B-4EE03A30BB30}.Release|x86.Build.0 = Release|x86
		{8AE57B9A-ACED-4428-A804-993EB37E966B}.Ad-Hoc|Any CPU.ActiveCfg = Debug|Any CPU
		{8AE57B9A-ACED-4428-A804-993EB37E966B}.Ad-Hoc|Any CPU.Build.0 = Debug|Any CPU
		{8AE57B9A-ACED-4428-A804-993EB37E966B}.Ad-Hoc|iPhone.ActiveCfg = Debug|Any CPU
		{8AE57B9A-ACED-4428-A804-993EB37E966B}.Ad-Hoc|iPhone.Build.0 = Debug|Any CPU
		{8AE57B9A-ACED-4428-A804-993EB37E966B}.Ad-Hoc|iPhoneSimulator.ActiveCfg = Debug|Any CPU
		{8AE57B9A-ACED-4428-A804-993EB37E966B}.Ad-Hoc|iPhoneSimulator.Build.0 = Debug|Any CPU
		{8AE57B9A-ACED-4428-A804-993EB37E966B}.Ad-Hoc|x86.ActiveCfg = Debug|Any CPU
		{8AE57B9A-ACED-4428-A804-993EB37E966B}.Ad-Hoc|x86.Build.0 = Debug|Any CPU
		{8AE57B9A-ACED-4428-A804-993EB37E966B}.Android|Any CPU.ActiveCfg = Release|Any CPU
		{8AE57B9A-ACED-4428-A804-993EB37E966B}.Android|Any CPU.Build.0 = Release|Any CPU
		{8AE57B9A-ACED-4428-A804-993EB37E966B}.Android|iPhone.ActiveCfg = Debug|Any CPU
		{8AE57B9A-ACED-4428-A804-993EB37E966B}.Android|iPhone.Build.0 = Debug|Any CPU
		{8AE57B9A-ACED-4428-A804-993EB37E966B}.Android|iPhoneSimulator.ActiveCfg = Debug|Any CPU
		{8AE57B9A-ACED-4428-A804-993EB37E966B}.Android|iPhoneSimulator.Build.0 = Debug|Any CPU
		{8AE57B9A-ACED-4428-A804-993EB37E966B}.Android|x86.ActiveCfg = Release|Any CPU
		{8AE57B9A-ACED-4428-A804-993EB37E966B}.Android|x86.Build.0 = Release|Any CPU
		{8AE57B9A-ACED-4428-A804-993EB37E966B}.AppStore|Any CPU.ActiveCfg = Debug|Any CPU
		{8AE57B9A-ACED-4428-A804-993EB37E966B}.AppStore|Any CPU.Build.0 = Debug|Any CPU
		{8AE57B9A-ACED-4428-A804-993EB37E966B}.AppStore|iPhone.ActiveCfg = Debug|Any CPU
		{8AE57B9A-ACED-4428-A804-993EB37E966B}.AppStore|iPhone.Build.0 = Debug|Any CPU
		{8AE57B9A-ACED-4428-A804-993EB37E966B}.AppStore|iPhoneSimulator.ActiveCfg = Debug|Any CPU
		{8AE57B9A-ACED-4428-A804-993EB37E966B}.AppStore|iPhoneSimulator.Build.0 = Debug|Any CPU
		{8AE57B9A-ACED-4428-A804-993EB37E966B}.AppStore|x86.ActiveCfg = Debug|Any CPU
		{8AE57B9A-ACED-4428-A804-993EB37E966B}.AppStore|x86.Build.0 = Debug|Any CPU
		{8AE57B9A-ACED-4428-A804-993EB37E966B}.Debug_Unity|Any CPU.ActiveCfg = Debug|Any CPU
		{8AE57B9A-ACED-4428-A804-993EB37E966B}.Debug_Unity|Any CPU.Build.0 = Debug|Any CPU
		{8AE57B9A-ACED-4428-A804-993EB37E966B}.Debug_Unity|iPhone.ActiveCfg = Debug|Any CPU
		{8AE57B9A-ACED-4428-A804-993EB37E966B}.Debug_Unity|iPhone.Build.0 = Debug|Any CPU
		{8AE57B9A-ACED-4428-A804-993EB37E966B}.Debug_Unity|iPhoneSimulator.ActiveCfg = Debug|Any CPU
		{8AE57B9A-ACED-4428-A804-993EB37E966B}.Debug_Unity|iPhoneSimulator.Build.0 = Debug|Any CPU
		{8AE57B9A-ACED-4428-A804-993EB37E966B}.Debug_Unity|x86.ActiveCfg = Debug|Any CPU
		{8AE57B9A-ACED-4428-A804-993EB37E966B}.Debug_Unity|x86.Build.0 = Debug|Any CPU
		{8AE57B9A-ACED-4428-A804-993EB37E966B}.Debug|Any CPU.ActiveCfg = Debug|Any CPU
		{8AE57B9A-ACED-4428-A804-993EB37E966B}.Debug|Any CPU.Build.0 = Debug|Any CPU
		{8AE57B9A-ACED-4428-A804-993EB37E966B}.Debug|iPhone.ActiveCfg = Debug|Any CPU
		{8AE57B9A-ACED-4428-A804-993EB37E966B}.Debug|iPhone.Build.0 = Debug|Any CPU
		{8AE57B9A-ACED-4428-A804-993EB37E966B}.Debug|iPhoneSimulator.ActiveCfg = Debug|Any CPU
		{8AE57B9A-ACED-4428-A804-993EB37E966B}.Debug|iPhoneSimulator.Build.0 = Debug|Any CPU
		{8AE57B9A-ACED-4428-A804-993EB37E966B}.Debug|x86.ActiveCfg = Debug|Any CPU
		{8AE57B9A-ACED-4428-A804-993EB37E966B}.Debug|x86.Build.0 = Debug|Any CPU
		{8AE57B9A-ACED-4428-A804-993EB37E966B}.Release|Any CPU.ActiveCfg = Release|Any CPU
		{8AE57B9A-ACED-4428-A804-993EB37E966B}.Release|Any CPU.Build.0 = Release|Any CPU
		{8AE57B9A-ACED-4428-A804-993EB37E966B}.Release|iPhone.ActiveCfg = Release|Any CPU
		{8AE57B9A-ACED-4428-A804-993EB37E966B}.Release|iPhone.Build.0 = Release|Any CPU
		{8AE57B9A-ACED-4428-A804-993EB37E966B}.Release|iPhoneSimulator.ActiveCfg = Release|Any CPU
		{8AE57B9A-ACED-4428-A804-993EB37E966B}.Release|iPhoneSimulator.Build.0 = Release|Any CPU
		{8AE57B9A-ACED-4428-A804-993EB37E966B}.Release|x86.ActiveCfg = Release|Any CPU
		{8AE57B9A-ACED-4428-A804-993EB37E966B}.Release|x86.Build.0 = Release|Any CPU
		{6877F982-BB8D-428E-B017-AFB86A00BE95}.Ad-Hoc|Any CPU.ActiveCfg = Release|Any CPU
		{6877F982-BB8D-428E-B017-AFB86A00BE95}.Ad-Hoc|Any CPU.Build.0 = Release|Any CPU
		{6877F982-BB8D-428E-B017-AFB86A00BE95}.Ad-Hoc|iPhone.ActiveCfg = Release|Any CPU
		{6877F982-BB8D-428E-B017-AFB86A00BE95}.Ad-Hoc|iPhone.Build.0 = Release|Any CPU
		{6877F982-BB8D-428E-B017-AFB86A00BE95}.Ad-Hoc|iPhoneSimulator.ActiveCfg = Release|Any CPU
		{6877F982-BB8D-428E-B017-AFB86A00BE95}.Ad-Hoc|iPhoneSimulator.Build.0 = Release|Any CPU
		{6877F982-BB8D-428E-B017-AFB86A00BE95}.Ad-Hoc|x86.ActiveCfg = Release|Any CPU
		{6877F982-BB8D-428E-B017-AFB86A00BE95}.Ad-Hoc|x86.Build.0 = Release|Any CPU
		{6877F982-BB8D-428E-B017-AFB86A00BE95}.Android|Any CPU.ActiveCfg = Release|Any CPU
		{6877F982-BB8D-428E-B017-AFB86A00BE95}.Android|Any CPU.Build.0 = Release|Any CPU
		{6877F982-BB8D-428E-B017-AFB86A00BE95}.Android|iPhone.ActiveCfg = Release|Any CPU
		{6877F982-BB8D-428E-B017-AFB86A00BE95}.Android|iPhone.Build.0 = Release|Any CPU
		{6877F982-BB8D-428E-B017-AFB86A00BE95}.Android|iPhoneSimulator.ActiveCfg = Release|Any CPU
		{6877F982-BB8D-428E-B017-AFB86A00BE95}.Android|iPhoneSimulator.Build.0 = Release|Any CPU
		{6877F982-BB8D-428E-B017-AFB86A00BE95}.Android|x86.ActiveCfg = Release|Any CPU
		{6877F982-BB8D-428E-B017-AFB86A00BE95}.Android|x86.Build.0 = Release|Any CPU
		{6877F982-BB8D-428E-B017-AFB86A00BE95}.AppStore|Any CPU.ActiveCfg = Release|Any CPU
		{6877F982-BB8D-428E-B017-AFB86A00BE95}.AppStore|Any CPU.Build.0 = Release|Any CPU
		{6877F982-BB8D-428E-B017-AFB86A00BE95}.AppStore|iPhone.ActiveCfg = Release|Any CPU
		{6877F982-BB8D-428E-B017-AFB86A00BE95}.AppStore|iPhone.Build.0 = Release|Any CPU
		{6877F982-BB8D-428E-B017-AFB86A00BE95}.AppStore|iPhoneSimulator.ActiveCfg = Release|Any CPU
		{6877F982-BB8D-428E-B017-AFB86A00BE95}.AppStore|iPhoneSimulator.Build.0 = Release|Any CPU
		{6877F982-BB8D-428E-B017-AFB86A00BE95}.AppStore|x86.ActiveCfg = Release|Any CPU
		{6877F982-BB8D-428E-B017-AFB86A00BE95}.AppStore|x86.Build.0 = Release|Any CPU
		{6877F982-BB8D-428E-B017-AFB86A00BE95}.Debug_Unity|Any CPU.ActiveCfg = Debug|Any CPU
		{6877F982-BB8D-428E-B017-AFB86A00BE95}.Debug_Unity|Any CPU.Build.0 = Debug|Any CPU
		{6877F982-BB8D-428E-B017-AFB86A00BE95}.Debug_Unity|iPhone.ActiveCfg = Debug|Any CPU
		{6877F982-BB8D-428E-B017-AFB86A00BE95}.Debug_Unity|iPhone.Build.0 = Debug|Any CPU
		{6877F982-BB8D-428E-B017-AFB86A00BE95}.Debug_Unity|iPhoneSimulator.ActiveCfg = Debug|Any CPU
		{6877F982-BB8D-428E-B017-AFB86A00BE95}.Debug_Unity|iPhoneSimulator.Build.0 = Debug|Any CPU
		{6877F982-BB8D-428E-B017-AFB86A00BE95}.Debug_Unity|x86.ActiveCfg = Debug|Any CPU
		{6877F982-BB8D-428E-B017-AFB86A00BE95}.Debug_Unity|x86.Build.0 = Debug|Any CPU
		{6877F982-BB8D-428E-B017-AFB86A00BE95}.Debug|Any CPU.ActiveCfg = Debug|Any CPU
		{6877F982-BB8D-428E-B017-AFB86A00BE95}.Debug|Any CPU.Build.0 = Debug|Any CPU
		{6877F982-BB8D-428E-B017-AFB86A00BE95}.Debug|iPhone.ActiveCfg = Debug|Any CPU
		{6877F982-BB8D-428E-B017-AFB86A00BE95}.Debug|iPhone.Build.0 = Debug|Any CPU
		{6877F982-BB8D-428E-B017-AFB86A00BE95}.Debug|iPhoneSimulator.ActiveCfg = Debug|Any CPU
		{6877F982-BB8D-428E-B017-AFB86A00BE95}.Debug|iPhoneSimulator.Build.0 = Debug|Any CPU
		{6877F982-BB8D-428E-B017-AFB86A00BE95}.Debug|x86.ActiveCfg = Debug|Any CPU
		{6877F982-BB8D-428E-B017-AFB86A00BE95}.Debug|x86.Build.0 = Debug|Any CPU
		{6877F982-BB8D-428E-B017-AFB86A00BE95}.Release|Any CPU.ActiveCfg = Release|Any CPU
		{6877F982-BB8D-428E-B017-AFB86A00BE95}.Release|Any CPU.Build.0 = Release|Any CPU
		{6877F982-BB8D-428E-B017-AFB86A00BE95}.Release|iPhone.ActiveCfg = Release|Any CPU
		{6877F982-BB8D-428E-B017-AFB86A00BE95}.Release|iPhone.Build.0 = Release|Any CPU
		{6877F982-BB8D-428E-B017-AFB86A00BE95}.Release|iPhoneSimulator.ActiveCfg = Release|Any CPU
		{6877F982-BB8D-428E-B017-AFB86A00BE95}.Release|iPhoneSimulator.Build.0 = Release|Any CPU
		{6877F982-BB8D-428E-B017-AFB86A00BE95}.Release|x86.ActiveCfg = Release|Any CPU
		{6877F982-BB8D-428E-B017-AFB86A00BE95}.Release|x86.Build.0 = Release|Any CPU
		{CF14D004-09B0-40F1-AA3F-680315AE5B01}.Ad-Hoc|Any CPU.ActiveCfg = Debug|x86
		{CF14D004-09B0-40F1-AA3F-680315AE5B01}.Ad-Hoc|Any CPU.Build.0 = Debug|x86
		{CF14D004-09B0-40F1-AA3F-680315AE5B01}.Ad-Hoc|iPhone.ActiveCfg = Debug|x86
		{CF14D004-09B0-40F1-AA3F-680315AE5B01}.Ad-Hoc|iPhone.Build.0 = Debug|x86
		{CF14D004-09B0-40F1-AA3F-680315AE5B01}.Ad-Hoc|iPhoneSimulator.ActiveCfg = Debug|x86
		{CF14D004-09B0-40F1-AA3F-680315AE5B01}.Ad-Hoc|iPhoneSimulator.Build.0 = Debug|x86
		{CF14D004-09B0-40F1-AA3F-680315AE5B01}.Ad-Hoc|x86.ActiveCfg = Debug|x86
		{CF14D004-09B0-40F1-AA3F-680315AE5B01}.Ad-Hoc|x86.Build.0 = Debug|x86
		{CF14D004-09B0-40F1-AA3F-680315AE5B01}.Android|Any CPU.ActiveCfg = Release|x86
		{CF14D004-09B0-40F1-AA3F-680315AE5B01}.Android|Any CPU.Build.0 = Release|x86
		{CF14D004-09B0-40F1-AA3F-680315AE5B01}.Android|Any CPU.Deploy.0 = Release|x86
		{CF14D004-09B0-40F1-AA3F-680315AE5B01}.Android|iPhone.ActiveCfg = Debug|x86
		{CF14D004-09B0-40F1-AA3F-680315AE5B01}.Android|iPhone.Build.0 = Debug|x86
		{CF14D004-09B0-40F1-AA3F-680315AE5B01}.Android|iPhoneSimulator.ActiveCfg = Debug|x86
		{CF14D004-09B0-40F1-AA3F-680315AE5B01}.Android|iPhoneSimulator.Build.0 = Debug|x86
		{CF14D004-09B0-40F1-AA3F-680315AE5B01}.Android|x86.ActiveCfg = Release|x86
		{CF14D004-09B0-40F1-AA3F-680315AE5B01}.Android|x86.Build.0 = Release|x86
		{CF14D004-09B0-40F1-AA3F-680315AE5B01}.AppStore|Any CPU.ActiveCfg = Debug|x86
		{CF14D004-09B0-40F1-AA3F-680315AE5B01}.AppStore|Any CPU.Build.0 = Debug|x86
		{CF14D004-09B0-40F1-AA3F-680315AE5B01}.AppStore|iPhone.ActiveCfg = Debug|x86
		{CF14D004-09B0-40F1-AA3F-680315AE5B01}.AppStore|iPhone.Build.0 = Debug|x86
		{CF14D004-09B0-40F1-AA3F-680315AE5B01}.AppStore|iPhoneSimulator.ActiveCfg = Debug|x86
		{CF14D004-09B0-40F1-AA3F-680315AE5B01}.AppStore|iPhoneSimulator.Build.0 = Debug|x86
		{CF14D004-09B0-40F1-AA3F-680315AE5B01}.AppStore|x86.ActiveCfg = Debug|x86
		{CF14D004-09B0-40F1-AA3F-680315AE5B01}.AppStore|x86.Build.0 = Debug|x86
		{CF14D004-09B0-40F1-AA3F-680315AE5B01}.Debug_Unity|Any CPU.ActiveCfg = Debug|x86
		{CF14D004-09B0-40F1-AA3F-680315AE5B01}.Debug_Unity|Any CPU.Build.0 = Debug|x86
		{CF14D004-09B0-40F1-AA3F-680315AE5B01}.Debug_Unity|iPhone.ActiveCfg = Debug|x86
		{CF14D004-09B0-40F1-AA3F-680315AE5B01}.Debug_Unity|iPhone.Build.0 = Debug|x86
		{CF14D004-09B0-40F1-AA3F-680315AE5B01}.Debug_Unity|iPhoneSimulator.ActiveCfg = Debug|x86
		{CF14D004-09B0-40F1-AA3F-680315AE5B01}.Debug_Unity|iPhoneSimulator.Build.0 = Debug|x86
		{CF14D004-09B0-40F1-AA3F-680315AE5B01}.Debug_Unity|x86.ActiveCfg = Debug|x86
		{CF14D004-09B0-40F1-AA3F-680315AE5B01}.Debug_Unity|x86.Build.0 = Debug|x86
		{CF14D004-09B0-40F1-AA3F-680315AE5B01}.Debug|Any CPU.ActiveCfg = Debug|x86
		{CF14D004-09B0-40F1-AA3F-680315AE5B01}.Debug|Any CPU.Build.0 = Debug|x86
		{CF14D004-09B0-40F1-AA3F-680315AE5B01}.Debug|iPhone.ActiveCfg = Debug|x86
		{CF14D004-09B0-40F1-AA3F-680315AE5B01}.Debug|iPhoneSimulator.ActiveCfg = Debug|x86
		{CF14D004-09B0-40F1-AA3F-680315AE5B01}.Debug|x86.ActiveCfg = Debug|x86
		{CF14D004-09B0-40F1-AA3F-680315AE5B01}.Debug|x86.Build.0 = Debug|x86
		{CF14D004-09B0-40F1-AA3F-680315AE5B01}.Release|Any CPU.ActiveCfg = Release|x86
		{CF14D004-09B0-40F1-AA3F-680315AE5B01}.Release|Any CPU.Build.0 = Release|x86
		{CF14D004-09B0-40F1-AA3F-680315AE5B01}.Release|iPhone.ActiveCfg = Release|x86
		{CF14D004-09B0-40F1-AA3F-680315AE5B01}.Release|iPhoneSimulator.ActiveCfg = Release|x86
		{CF14D004-09B0-40F1-AA3F-680315AE5B01}.Release|x86.ActiveCfg = Release|x86
		{CF14D004-09B0-40F1-AA3F-680315AE5B01}.Release|x86.Build.0 = Release|x86
		{DE59F03B-351D-490B-AD42-20D21D0C57EE}.Ad-Hoc|Any CPU.ActiveCfg = Debug|Any CPU
		{DE59F03B-351D-490B-AD42-20D21D0C57EE}.Ad-Hoc|Any CPU.Build.0 = Debug|Any CPU
		{DE59F03B-351D-490B-AD42-20D21D0C57EE}.Ad-Hoc|iPhone.ActiveCfg = Debug|Any CPU
		{DE59F03B-351D-490B-AD42-20D21D0C57EE}.Ad-Hoc|iPhone.Build.0 = Debug|Any CPU
		{DE59F03B-351D-490B-AD42-20D21D0C57EE}.Ad-Hoc|iPhoneSimulator.ActiveCfg = Debug|Any CPU
		{DE59F03B-351D-490B-AD42-20D21D0C57EE}.Ad-Hoc|iPhoneSimulator.Build.0 = Debug|Any CPU
		{DE59F03B-351D-490B-AD42-20D21D0C57EE}.Ad-Hoc|x86.ActiveCfg = Debug|Any CPU
		{DE59F03B-351D-490B-AD42-20D21D0C57EE}.Ad-Hoc|x86.Build.0 = Debug|Any CPU
		{DE59F03B-351D-490B-AD42-20D21D0C57EE}.Android|Any CPU.ActiveCfg = Release|Any CPU
		{DE59F03B-351D-490B-AD42-20D21D0C57EE}.Android|Any CPU.Build.0 = Release|Any CPU
		{DE59F03B-351D-490B-AD42-20D21D0C57EE}.Android|iPhone.ActiveCfg = Debug|Any CPU
		{DE59F03B-351D-490B-AD42-20D21D0C57EE}.Android|iPhone.Build.0 = Debug|Any CPU
		{DE59F03B-351D-490B-AD42-20D21D0C57EE}.Android|iPhoneSimulator.ActiveCfg = Debug|Any CPU
		{DE59F03B-351D-490B-AD42-20D21D0C57EE}.Android|iPhoneSimulator.Build.0 = Debug|Any CPU
		{DE59F03B-351D-490B-AD42-20D21D0C57EE}.Android|x86.ActiveCfg = Release|Any CPU
		{DE59F03B-351D-490B-AD42-20D21D0C57EE}.Android|x86.Build.0 = Release|Any CPU
		{DE59F03B-351D-490B-AD42-20D21D0C57EE}.AppStore|Any CPU.ActiveCfg = Debug|Any CPU
		{DE59F03B-351D-490B-AD42-20D21D0C57EE}.AppStore|Any CPU.Build.0 = Debug|Any CPU
		{DE59F03B-351D-490B-AD42-20D21D0C57EE}.AppStore|iPhone.ActiveCfg = Debug|Any CPU
		{DE59F03B-351D-490B-AD42-20D21D0C57EE}.AppStore|iPhone.Build.0 = Debug|Any CPU
		{DE59F03B-351D-490B-AD42-20D21D0C57EE}.AppStore|iPhoneSimulator.ActiveCfg = Debug|Any CPU
		{DE59F03B-351D-490B-AD42-20D21D0C57EE}.AppStore|iPhoneSimulator.Build.0 = Debug|Any CPU
		{DE59F03B-351D-490B-AD42-20D21D0C57EE}.AppStore|x86.ActiveCfg = Debug|Any CPU
		{DE59F03B-351D-490B-AD42-20D21D0C57EE}.AppStore|x86.Build.0 = Debug|Any CPU
		{DE59F03B-351D-490B-AD42-20D21D0C57EE}.Debug_Unity|Any CPU.ActiveCfg = Debug|Any CPU
		{DE59F03B-351D-490B-AD42-20D21D0C57EE}.Debug_Unity|Any CPU.Build.0 = Debug|Any CPU
		{DE59F03B-351D-490B-AD42-20D21D0C57EE}.Debug_Unity|iPhone.ActiveCfg = Debug|Any CPU
		{DE59F03B-351D-490B-AD42-20D21D0C57EE}.Debug_Unity|iPhone.Build.0 = Debug|Any CPU
		{DE59F03B-351D-490B-AD42-20D21D0C57EE}.Debug_Unity|iPhoneSimulator.ActiveCfg = Debug|Any CPU
		{DE59F03B-351D-490B-AD42-20D21D0C57EE}.Debug_Unity|iPhoneSimulator.Build.0 = Debug|Any CPU
		{DE59F03B-351D-490B-AD42-20D21D0C57EE}.Debug_Unity|x86.ActiveCfg = Debug|Any CPU
		{DE59F03B-351D-490B-AD42-20D21D0C57EE}.Debug_Unity|x86.Build.0 = Debug|Any CPU
		{DE59F03B-351D-490B-AD42-20D21D0C57EE}.Debug|Any CPU.ActiveCfg = Debug|Any CPU
		{DE59F03B-351D-490B-AD42-20D21D0C57EE}.Debug|Any CPU.Build.0 = Debug|Any CPU
		{DE59F03B-351D-490B-AD42-20D21D0C57EE}.Debug|iPhone.ActiveCfg = Debug|Any CPU
		{DE59F03B-351D-490B-AD42-20D21D0C57EE}.Debug|iPhone.Build.0 = Debug|Any CPU
		{DE59F03B-351D-490B-AD42-20D21D0C57EE}.Debug|iPhoneSimulator.ActiveCfg = Debug|Any CPU
		{DE59F03B-351D-490B-AD42-20D21D0C57EE}.Debug|iPhoneSimulator.Build.0 = Debug|Any CPU
		{DE59F03B-351D-490B-AD42-20D21D0C57EE}.Debug|x86.ActiveCfg = Debug|Any CPU
		{DE59F03B-351D-490B-AD42-20D21D0C57EE}.Debug|x86.Build.0 = Debug|Any CPU
		{DE59F03B-351D-490B-AD42-20D21D0C57EE}.Release|Any CPU.ActiveCfg = Release|Any CPU
		{DE59F03B-351D-490B-AD42-20D21D0C57EE}.Release|Any CPU.Build.0 = Release|Any CPU
		{DE59F03B-351D-490B-AD42-20D21D0C57EE}.Release|iPhone.ActiveCfg = Release|Any CPU
		{DE59F03B-351D-490B-AD42-20D21D0C57EE}.Release|iPhone.Build.0 = Release|Any CPU
		{DE59F03B-351D-490B-AD42-20D21D0C57EE}.Release|iPhoneSimulator.ActiveCfg = Release|Any CPU
		{DE59F03B-351D-490B-AD42-20D21D0C57EE}.Release|iPhoneSimulator.Build.0 = Release|Any CPU
		{DE59F03B-351D-490B-AD42-20D21D0C57EE}.Release|x86.ActiveCfg = Release|Any CPU
		{DE59F03B-351D-490B-AD42-20D21D0C57EE}.Release|x86.Build.0 = Release|Any CPU
		{E9D5339C-633F-498F-8AE4-8FA0B61FB5D7}.Ad-Hoc|Any CPU.ActiveCfg = Debug|Any CPU
		{E9D5339C-633F-498F-8AE4-8FA0B61FB5D7}.Ad-Hoc|Any CPU.Build.0 = Debug|Any CPU
		{E9D5339C-633F-498F-8AE4-8FA0B61FB5D7}.Ad-Hoc|iPhone.ActiveCfg = Debug|Any CPU
		{E9D5339C-633F-498F-8AE4-8FA0B61FB5D7}.Ad-Hoc|iPhone.Build.0 = Debug|Any CPU
		{E9D5339C-633F-498F-8AE4-8FA0B61FB5D7}.Ad-Hoc|iPhoneSimulator.ActiveCfg = Debug|Any CPU
		{E9D5339C-633F-498F-8AE4-8FA0B61FB5D7}.Ad-Hoc|iPhoneSimulator.Build.0 = Debug|Any CPU
		{E9D5339C-633F-498F-8AE4-8FA0B61FB5D7}.Ad-Hoc|x86.ActiveCfg = Debug|Any CPU
		{E9D5339C-633F-498F-8AE4-8FA0B61FB5D7}.Ad-Hoc|x86.Build.0 = Debug|Any CPU
		{E9D5339C-633F-498F-8AE4-8FA0B61FB5D7}.Android|Any CPU.ActiveCfg = Release|Any CPU
		{E9D5339C-633F-498F-8AE4-8FA0B61FB5D7}.Android|Any CPU.Build.0 = Release|Any CPU
		{E9D5339C-633F-498F-8AE4-8FA0B61FB5D7}.Android|iPhone.ActiveCfg = Debug|Any CPU
		{E9D5339C-633F-498F-8AE4-8FA0B61FB5D7}.Android|iPhone.Build.0 = Debug|Any CPU
		{E9D5339C-633F-498F-8AE4-8FA0B61FB5D7}.Android|iPhoneSimulator.ActiveCfg = Debug|Any CPU
		{E9D5339C-633F-498F-8AE4-8FA0B61FB5D7}.Android|iPhoneSimulator.Build.0 = Debug|Any CPU
		{E9D5339C-633F-498F-8AE4-8FA0B61FB5D7}.Android|x86.ActiveCfg = Release|Any CPU
		{E9D5339C-633F-498F-8AE4-8FA0B61FB5D7}.Android|x86.Build.0 = Release|Any CPU
		{E9D5339C-633F-498F-8AE4-8FA0B61FB5D7}.AppStore|Any CPU.ActiveCfg = Debug|Any CPU
		{E9D5339C-633F-498F-8AE4-8FA0B61FB5D7}.AppStore|Any CPU.Build.0 = Debug|Any CPU
		{E9D5339C-633F-498F-8AE4-8FA0B61FB5D7}.AppStore|iPhone.ActiveCfg = Debug|Any CPU
		{E9D5339C-633F-498F-8AE4-8FA0B61FB5D7}.AppStore|iPhone.Build.0 = Debug|Any CPU
		{E9D5339C-633F-498F-8AE4-8FA0B61FB5D7}.AppStore|iPhoneSimulator.ActiveCfg = Debug|Any CPU
		{E9D5339C-633F-498F-8AE4-8FA0B61FB5D7}.AppStore|iPhoneSimulator.Build.0 = Debug|Any CPU
		{E9D5339C-633F-498F-8AE4-8FA0B61FB5D7}.AppStore|x86.ActiveCfg = Debug|Any CPU
		{E9D5339C-633F-498F-8AE4-8FA0B61FB5D7}.AppStore|x86.Build.0 = Debug|Any CPU
		{E9D5339C-633F-498F-8AE4-8FA0B61FB5D7}.Debug_Unity|Any CPU.ActiveCfg = Debug|Any CPU
		{E9D5339C-633F-498F-8AE4-8FA0B61FB5D7}.Debug_Unity|Any CPU.Build.0 = Debug|Any CPU
		{E9D5339C-633F-498F-8AE4-8FA0B61FB5D7}.Debug_Unity|iPhone.ActiveCfg = Debug|Any CPU
		{E9D5339C-633F-498F-8AE4-8FA0B61FB5D7}.Debug_Unity|iPhone.Build.0 = Debug|Any CPU
		{E9D5339C-633F-498F-8AE4-8FA0B61FB5D7}.Debug_Unity|iPhoneSimulator.ActiveCfg = Debug|Any CPU
		{E9D5339C-633F-498F-8AE4-8FA0B61FB5D7}.Debug_Unity|iPhoneSimulator.Build.0 = Debug|Any CPU
		{E9D5339C-633F-498F-8AE4-8FA0B61FB5D7}.Debug_Unity|x86.ActiveCfg = Debug|Any CPU
		{E9D5339C-633F-498F-8AE4-8FA0B61FB5D7}.Debug_Unity|x86.Build.0 = Debug|Any CPU
		{E9D5339C-633F-498F-8AE4-8FA0B61FB5D7}.Debug|Any CPU.ActiveCfg = Debug|Any CPU
		{E9D5339C-633F-498F-8AE4-8FA0B61FB5D7}.Debug|Any CPU.Build.0 = Debug|Any CPU
		{E9D5339C-633F-498F-8AE4-8FA0B61FB5D7}.Debug|iPhone.ActiveCfg = Debug|Any CPU
		{E9D5339C-633F-498F-8AE4-8FA0B61FB5D7}.Debug|iPhone.Build.0 = Debug|Any CPU
		{E9D5339C-633F-498F-8AE4-8FA0B61FB5D7}.Debug|iPhoneSimulator.ActiveCfg = Debug|Any CPU
		{E9D5339C-633F-498F-8AE4-8FA0B61FB5D7}.Debug|iPhoneSimulator.Build.0 = Debug|Any CPU
		{E9D5339C-633F-498F-8AE4-8FA0B61FB5D7}.Debug|x86.ActiveCfg = Debug|Any CPU
		{E9D5339C-633F-498F-8AE4-8FA0B61FB5D7}.Debug|x86.Build.0 = Debug|Any CPU
		{E9D5339C-633F-498F-8AE4-8FA0B61FB5D7}.Release|Any CPU.ActiveCfg = Release|Any CPU
		{E9D5339C-633F-498F-8AE4-8FA0B61FB5D7}.Release|Any CPU.Build.0 = Release|Any CPU
		{E9D5339C-633F-498F-8AE4-8FA0B61FB5D7}.Release|iPhone.ActiveCfg = Release|Any CPU
		{E9D5339C-633F-498F-8AE4-8FA0B61FB5D7}.Release|iPhone.Build.0 = Release|Any CPU
		{E9D5339C-633F-498F-8AE4-8FA0B61FB5D7}.Release|iPhoneSimulator.ActiveCfg = Release|Any CPU
		{E9D5339C-633F-498F-8AE4-8FA0B61FB5D7}.Release|iPhoneSimulator.Build.0 = Release|Any CPU
		{E9D5339C-633F-498F-8AE4-8FA0B61FB5D7}.Release|x86.ActiveCfg = Release|Any CPU
		{E9D5339C-633F-498F-8AE4-8FA0B61FB5D7}.Release|x86.Build.0 = Release|Any CPU
		{D4B75AEE-412B-45BF-B9AB-911641272454}.Ad-Hoc|Any CPU.ActiveCfg = Debug|Any CPU
		{D4B75AEE-412B-45BF-B9AB-911641272454}.Ad-Hoc|Any CPU.Build.0 = Debug|Any CPU
		{D4B75AEE-412B-45BF-B9AB-911641272454}.Ad-Hoc|iPhone.ActiveCfg = Debug|Any CPU
		{D4B75AEE-412B-45BF-B9AB-911641272454}.Ad-Hoc|iPhone.Build.0 = Debug|Any CPU
		{D4B75AEE-412B-45BF-B9AB-911641272454}.Ad-Hoc|iPhoneSimulator.ActiveCfg = Debug|Any CPU
		{D4B75AEE-412B-45BF-B9AB-911641272454}.Ad-Hoc|iPhoneSimulator.Build.0 = Debug|Any CPU
		{D4B75AEE-412B-45BF-B9AB-911641272454}.Ad-Hoc|x86.ActiveCfg = Debug|Any CPU
		{D4B75AEE-412B-45BF-B9AB-911641272454}.Ad-Hoc|x86.Build.0 = Debug|Any CPU
		{D4B75AEE-412B-45BF-B9AB-911641272454}.Android|Any CPU.ActiveCfg = Release|Any CPU
		{D4B75AEE-412B-45BF-B9AB-911641272454}.Android|Any CPU.Build.0 = Release|Any CPU
		{D4B75AEE-412B-45BF-B9AB-911641272454}.Android|iPhone.ActiveCfg = Debug|Any CPU
		{D4B75AEE-412B-45BF-B9AB-911641272454}.Android|iPhone.Build.0 = Debug|Any CPU
		{D4B75AEE-412B-45BF-B9AB-911641272454}.Android|iPhoneSimulator.ActiveCfg = Debug|Any CPU
		{D4B75AEE-412B-45BF-B9AB-911641272454}.Android|iPhoneSimulator.Build.0 = Debug|Any CPU
		{D4B75AEE-412B-45BF-B9AB-911641272454}.Android|x86.ActiveCfg = Release|Any CPU
		{D4B75AEE-412B-45BF-B9AB-911641272454}.Android|x86.Build.0 = Release|Any CPU
		{D4B75AEE-412B-45BF-B9AB-911641272454}.AppStore|Any CPU.ActiveCfg = Debug|Any CPU
		{D4B75AEE-412B-45BF-B9AB-911641272454}.AppStore|Any CPU.Build.0 = Debug|Any CPU
		{D4B75AEE-412B-45BF-B9AB-911641272454}.AppStore|iPhone.ActiveCfg = Debug|Any CPU
		{D4B75AEE-412B-45BF-B9AB-911641272454}.AppStore|iPhone.Build.0 = Debug|Any CPU
		{D4B75AEE-412B-45BF-B9AB-911641272454}.AppStore|iPhoneSimulator.ActiveCfg = Debug|Any CPU
		{D4B75AEE-412B-45BF-B9AB-911641272454}.AppStore|iPhoneSimulator.Build.0 = Debug|Any CPU
		{D4B75AEE-412B-45BF-B9AB-911641272454}.AppStore|x86.ActiveCfg = Debug|Any CPU
		{D4B75AEE-412B-45BF-B9AB-911641272454}.AppStore|x86.Build.0 = Debug|Any CPU
		{D4B75AEE-412B-45BF-B9AB-911641272454}.Debug_Unity|Any CPU.ActiveCfg = Debug|Any CPU
		{D4B75AEE-412B-45BF-B9AB-911641272454}.Debug_Unity|Any CPU.Build.0 = Debug|Any CPU
		{D4B75AEE-412B-45BF-B9AB-911641272454}.Debug_Unity|iPhone.ActiveCfg = Debug|Any CPU
		{D4B75AEE-412B-45BF-B9AB-911641272454}.Debug_Unity|iPhone.Build.0 = Debug|Any CPU
		{D4B75AEE-412B-45BF-B9AB-911641272454}.Debug_Unity|iPhoneSimulator.ActiveCfg = Debug|Any CPU
		{D4B75AEE-412B-45BF-B9AB-911641272454}.Debug_Unity|iPhoneSimulator.Build.0 = Debug|Any CPU
		{D4B75AEE-412B-45BF-B9AB-911641272454}.Debug_Unity|x86.ActiveCfg = Debug|Any CPU
		{D4B75AEE-412B-45BF-B9AB-911641272454}.Debug_Unity|x86.Build.0 = Debug|Any CPU
		{D4B75AEE-412B-45BF-B9AB-911641272454}.Debug|Any CPU.ActiveCfg = Debug|Any CPU
		{D4B75AEE-412B-45BF-B9AB-911641272454}.Debug|Any CPU.Build.0 = Debug|Any CPU
		{D4B75AEE-412B-45BF-B9AB-911641272454}.Debug|iPhone.ActiveCfg = Debug|Any CPU
		{D4B75AEE-412B-45BF-B9AB-911641272454}.Debug|iPhone.Build.0 = Debug|Any CPU
		{D4B75AEE-412B-45BF-B9AB-911641272454}.Debug|iPhoneSimulator.ActiveCfg = Debug|Any CPU
		{D4B75AEE-412B-45BF-B9AB-911641272454}.Debug|iPhoneSimulator.Build.0 = Debug|Any CPU
		{D4B75AEE-412B-45BF-B9AB-911641272454}.Debug|x86.ActiveCfg = Debug|Any CPU
		{D4B75AEE-412B-45BF-B9AB-911641272454}.Debug|x86.Build.0 = Debug|Any CPU
		{D4B75AEE-412B-45BF-B9AB-911641272454}.Release|Any CPU.ActiveCfg = Release|Any CPU
		{D4B75AEE-412B-45BF-B9AB-911641272454}.Release|Any CPU.Build.0 = Release|Any CPU
		{D4B75AEE-412B-45BF-B9AB-911641272454}.Release|iPhone.ActiveCfg = Release|Any CPU
		{D4B75AEE-412B-45BF-B9AB-911641272454}.Release|iPhone.Build.0 = Release|Any CPU
		{D4B75AEE-412B-45BF-B9AB-911641272454}.Release|iPhoneSimulator.ActiveCfg = Release|Any CPU
		{D4B75AEE-412B-45BF-B9AB-911641272454}.Release|iPhoneSimulator.Build.0 = Release|Any CPU
		{D4B75AEE-412B-45BF-B9AB-911641272454}.Release|x86.ActiveCfg = Release|Any CPU
		{D4B75AEE-412B-45BF-B9AB-911641272454}.Release|x86.Build.0 = Release|Any CPU
		{0280287A-0E7F-4314-9D8F-9616EA3C2AB2}.Ad-Hoc|Any CPU.ActiveCfg = Debug|Any CPU
		{0280287A-0E7F-4314-9D8F-9616EA3C2AB2}.Ad-Hoc|Any CPU.Build.0 = Debug|Any CPU
		{0280287A-0E7F-4314-9D8F-9616EA3C2AB2}.Ad-Hoc|iPhone.ActiveCfg = Debug|Any CPU
		{0280287A-0E7F-4314-9D8F-9616EA3C2AB2}.Ad-Hoc|iPhone.Build.0 = Debug|Any CPU
		{0280287A-0E7F-4314-9D8F-9616EA3C2AB2}.Ad-Hoc|iPhoneSimulator.ActiveCfg = Debug|Any CPU
		{0280287A-0E7F-4314-9D8F-9616EA3C2AB2}.Ad-Hoc|iPhoneSimulator.Build.0 = Debug|Any CPU
		{0280287A-0E7F-4314-9D8F-9616EA3C2AB2}.Ad-Hoc|x86.ActiveCfg = Debug|Any CPU
		{0280287A-0E7F-4314-9D8F-9616EA3C2AB2}.Ad-Hoc|x86.Build.0 = Debug|Any CPU
		{0280287A-0E7F-4314-9D8F-9616EA3C2AB2}.Android|Any CPU.ActiveCfg = Release|Any CPU
		{0280287A-0E7F-4314-9D8F-9616EA3C2AB2}.Android|Any CPU.Build.0 = Release|Any CPU
		{0280287A-0E7F-4314-9D8F-9616EA3C2AB2}.Android|iPhone.ActiveCfg = Debug|Any CPU
		{0280287A-0E7F-4314-9D8F-9616EA3C2AB2}.Android|iPhone.Build.0 = Debug|Any CPU
		{0280287A-0E7F-4314-9D8F-9616EA3C2AB2}.Android|iPhoneSimulator.ActiveCfg = Debug|Any CPU
		{0280287A-0E7F-4314-9D8F-9616EA3C2AB2}.Android|iPhoneSimulator.Build.0 = Debug|Any CPU
		{0280287A-0E7F-4314-9D8F-9616EA3C2AB2}.Android|x86.ActiveCfg = Release|Any CPU
		{0280287A-0E7F-4314-9D8F-9616EA3C2AB2}.Android|x86.Build.0 = Release|Any CPU
		{0280287A-0E7F-4314-9D8F-9616EA3C2AB2}.AppStore|Any CPU.ActiveCfg = Debug|Any CPU
		{0280287A-0E7F-4314-9D8F-9616EA3C2AB2}.AppStore|Any CPU.Build.0 = Debug|Any CPU
		{0280287A-0E7F-4314-9D8F-9616EA3C2AB2}.AppStore|iPhone.ActiveCfg = Debug|Any CPU
		{0280287A-0E7F-4314-9D8F-9616EA3C2AB2}.AppStore|iPhone.Build.0 = Debug|Any CPU
		{0280287A-0E7F-4314-9D8F-9616EA3C2AB2}.AppStore|iPhoneSimulator.ActiveCfg = Debug|Any CPU
		{0280287A-0E7F-4314-9D8F-9616EA3C2AB2}.AppStore|iPhoneSimulator.Build.0 = Debug|Any CPU
		{0280287A-0E7F-4314-9D8F-9616EA3C2AB2}.AppStore|x86.ActiveCfg = Debug|Any CPU
		{0280287A-0E7F-4314-9D8F-9616EA3C2AB2}.AppStore|x86.Build.0 = Debug|Any CPU
		{0280287A-0E7F-4314-9D8F-9616EA3C2AB2}.Debug_Unity|Any CPU.ActiveCfg = Debug|Any CPU
		{0280287A-0E7F-4314-9D8F-9616EA3C2AB2}.Debug_Unity|Any CPU.Build.0 = Debug|Any CPU
		{0280287A-0E7F-4314-9D8F-9616EA3C2AB2}.Debug_Unity|iPhone.ActiveCfg = Debug|Any CPU
		{0280287A-0E7F-4314-9D8F-9616EA3C2AB2}.Debug_Unity|iPhone.Build.0 = Debug|Any CPU
		{0280287A-0E7F-4314-9D8F-9616EA3C2AB2}.Debug_Unity|iPhoneSimulator.ActiveCfg = Debug|Any CPU
		{0280287A-0E7F-4314-9D8F-9616EA3C2AB2}.Debug_Unity|iPhoneSimulator.Build.0 = Debug|Any CPU
		{0280287A-0E7F-4314-9D8F-9616EA3C2AB2}.Debug_Unity|x86.ActiveCfg = Debug|Any CPU
		{0280287A-0E7F-4314-9D8F-9616EA3C2AB2}.Debug_Unity|x86.Build.0 = Debug|Any CPU
		{0280287A-0E7F-4314-9D8F-9616EA3C2AB2}.Debug|Any CPU.ActiveCfg = Debug|Any CPU
		{0280287A-0E7F-4314-9D8F-9616EA3C2AB2}.Debug|Any CPU.Build.0 = Debug|Any CPU
		{0280287A-0E7F-4314-9D8F-9616EA3C2AB2}.Debug|iPhone.ActiveCfg = Debug|Any CPU
		{0280287A-0E7F-4314-9D8F-9616EA3C2AB2}.Debug|iPhone.Build.0 = Debug|Any CPU
		{0280287A-0E7F-4314-9D8F-9616EA3C2AB2}.Debug|iPhoneSimulator.ActiveCfg = Debug|Any CPU
		{0280287A-0E7F-4314-9D8F-9616EA3C2AB2}.Debug|iPhoneSimulator.Build.0 = Debug|Any CPU
		{0280287A-0E7F-4314-9D8F-9616EA3C2AB2}.Debug|x86.ActiveCfg = Debug|Any CPU
		{0280287A-0E7F-4314-9D8F-9616EA3C2AB2}.Debug|x86.Build.0 = Debug|Any CPU
		{0280287A-0E7F-4314-9D8F-9616EA3C2AB2}.Release|Any CPU.ActiveCfg = Release|Any CPU
		{0280287A-0E7F-4314-9D8F-9616EA3C2AB2}.Release|Any CPU.Build.0 = Release|Any CPU
		{0280287A-0E7F-4314-9D8F-9616EA3C2AB2}.Release|iPhone.ActiveCfg = Release|Any CPU
		{0280287A-0E7F-4314-9D8F-9616EA3C2AB2}.Release|iPhone.Build.0 = Release|Any CPU
		{0280287A-0E7F-4314-9D8F-9616EA3C2AB2}.Release|iPhoneSimulator.ActiveCfg = Release|Any CPU
		{0280287A-0E7F-4314-9D8F-9616EA3C2AB2}.Release|iPhoneSimulator.Build.0 = Release|Any CPU
		{0280287A-0E7F-4314-9D8F-9616EA3C2AB2}.Release|x86.ActiveCfg = Release|Any CPU
		{0280287A-0E7F-4314-9D8F-9616EA3C2AB2}.Release|x86.Build.0 = Release|Any CPU
		{27C63DE1-22BF-4791-8E27-7BE28D6531B0}.Ad-Hoc|Any CPU.ActiveCfg = Debug|Any CPU
		{27C63DE1-22BF-4791-8E27-7BE28D6531B0}.Ad-Hoc|Any CPU.Build.0 = Debug|Any CPU
		{27C63DE1-22BF-4791-8E27-7BE28D6531B0}.Ad-Hoc|iPhone.ActiveCfg = Debug|Any CPU
		{27C63DE1-22BF-4791-8E27-7BE28D6531B0}.Ad-Hoc|iPhone.Build.0 = Debug|Any CPU
		{27C63DE1-22BF-4791-8E27-7BE28D6531B0}.Ad-Hoc|iPhoneSimulator.ActiveCfg = Debug|Any CPU
		{27C63DE1-22BF-4791-8E27-7BE28D6531B0}.Ad-Hoc|iPhoneSimulator.Build.0 = Debug|Any CPU
		{27C63DE1-22BF-4791-8E27-7BE28D6531B0}.Ad-Hoc|x86.ActiveCfg = Debug|Any CPU
		{27C63DE1-22BF-4791-8E27-7BE28D6531B0}.Ad-Hoc|x86.Build.0 = Debug|Any CPU
		{27C63DE1-22BF-4791-8E27-7BE28D6531B0}.Android|Any CPU.ActiveCfg = Release|Any CPU
		{27C63DE1-22BF-4791-8E27-7BE28D6531B0}.Android|Any CPU.Build.0 = Release|Any CPU
		{27C63DE1-22BF-4791-8E27-7BE28D6531B0}.Android|iPhone.ActiveCfg = Debug|Any CPU
		{27C63DE1-22BF-4791-8E27-7BE28D6531B0}.Android|iPhone.Build.0 = Debug|Any CPU
		{27C63DE1-22BF-4791-8E27-7BE28D6531B0}.Android|iPhoneSimulator.ActiveCfg = Debug|Any CPU
		{27C63DE1-22BF-4791-8E27-7BE28D6531B0}.Android|iPhoneSimulator.Build.0 = Debug|Any CPU
		{27C63DE1-22BF-4791-8E27-7BE28D6531B0}.Android|x86.ActiveCfg = Release|Any CPU
		{27C63DE1-22BF-4791-8E27-7BE28D6531B0}.Android|x86.Build.0 = Release|Any CPU
		{27C63DE1-22BF-4791-8E27-7BE28D6531B0}.AppStore|Any CPU.ActiveCfg = Debug|Any CPU
		{27C63DE1-22BF-4791-8E27-7BE28D6531B0}.AppStore|Any CPU.Build.0 = Debug|Any CPU
		{27C63DE1-22BF-4791-8E27-7BE28D6531B0}.AppStore|iPhone.ActiveCfg = Debug|Any CPU
		{27C63DE1-22BF-4791-8E27-7BE28D6531B0}.AppStore|iPhone.Build.0 = Debug|Any CPU
		{27C63DE1-22BF-4791-8E27-7BE28D6531B0}.AppStore|iPhoneSimulator.ActiveCfg = Debug|Any CPU
		{27C63DE1-22BF-4791-8E27-7BE28D6531B0}.AppStore|iPhoneSimulator.Build.0 = Debug|Any CPU
		{27C63DE1-22BF-4791-8E27-7BE28D6531B0}.AppStore|x86.ActiveCfg = Debug|Any CPU
		{27C63DE1-22BF-4791-8E27-7BE28D6531B0}.AppStore|x86.Build.0 = Debug|Any CPU
		{27C63DE1-22BF-4791-8E27-7BE28D6531B0}.Debug_Unity|Any CPU.ActiveCfg = Debug|Any CPU
		{27C63DE1-22BF-4791-8E27-7BE28D6531B0}.Debug_Unity|Any CPU.Build.0 = Debug|Any CPU
		{27C63DE1-22BF-4791-8E27-7BE28D6531B0}.Debug_Unity|iPhone.ActiveCfg = Debug|Any CPU
		{27C63DE1-22BF-4791-8E27-7BE28D6531B0}.Debug_Unity|iPhone.Build.0 = Debug|Any CPU
		{27C63DE1-22BF-4791-8E27-7BE28D6531B0}.Debug_Unity|iPhoneSimulator.ActiveCfg = Debug|Any CPU
		{27C63DE1-22BF-4791-8E27-7BE28D6531B0}.Debug_Unity|iPhoneSimulator.Build.0 = Debug|Any CPU
		{27C63DE1-22BF-4791-8E27-7BE28D6531B0}.Debug_Unity|x86.ActiveCfg = Debug|Any CPU
		{27C63DE1-22BF-4791-8E27-7BE28D6531B0}.Debug_Unity|x86.Build.0 = Debug|Any CPU
		{27C63DE1-22BF-4791-8E27-7BE28D6531B0}.Debug|Any CPU.ActiveCfg = Debug|Any CPU
		{27C63DE1-22BF-4791-8E27-7BE28D6531B0}.Debug|Any CPU.Build.0 = Debug|Any CPU
		{27C63DE1-22BF-4791-8E27-7BE28D6531B0}.Debug|iPhone.ActiveCfg = Debug|Any CPU
		{27C63DE1-22BF-4791-8E27-7BE28D6531B0}.Debug|iPhone.Build.0 = Debug|Any CPU
		{27C63DE1-22BF-4791-8E27-7BE28D6531B0}.Debug|iPhoneSimulator.ActiveCfg = Debug|Any CPU
		{27C63DE1-22BF-4791-8E27-7BE28D6531B0}.Debug|iPhoneSimulator.Build.0 = Debug|Any CPU
		{27C63DE1-22BF-4791-8E27-7BE28D6531B0}.Debug|x86.ActiveCfg = Debug|Any CPU
		{27C63DE1-22BF-4791-8E27-7BE28D6531B0}.Debug|x86.Build.0 = Debug|Any CPU
		{27C63DE1-22BF-4791-8E27-7BE28D6531B0}.Release|Any CPU.ActiveCfg = Release|Any CPU
		{27C63DE1-22BF-4791-8E27-7BE28D6531B0}.Release|Any CPU.Build.0 = Release|Any CPU
		{27C63DE1-22BF-4791-8E27-7BE28D6531B0}.Release|iPhone.ActiveCfg = Release|Any CPU
		{27C63DE1-22BF-4791-8E27-7BE28D6531B0}.Release|iPhone.Build.0 = Release|Any CPU
		{27C63DE1-22BF-4791-8E27-7BE28D6531B0}.Release|iPhoneSimulator.ActiveCfg = Release|Any CPU
		{27C63DE1-22BF-4791-8E27-7BE28D6531B0}.Release|iPhoneSimulator.Build.0 = Release|Any CPU
		{27C63DE1-22BF-4791-8E27-7BE28D6531B0}.Release|x86.ActiveCfg = Release|Any CPU
		{27C63DE1-22BF-4791-8E27-7BE28D6531B0}.Release|x86.Build.0 = Release|Any CPU
		{ACA2AA50-6795-4730-BF62-1D7FA4CA977F}.Ad-Hoc|Any CPU.ActiveCfg = Debug|Any CPU
		{ACA2AA50-6795-4730-BF62-1D7FA4CA977F}.Ad-Hoc|Any CPU.Build.0 = Debug|Any CPU
		{ACA2AA50-6795-4730-BF62-1D7FA4CA977F}.Ad-Hoc|iPhone.ActiveCfg = Debug|Any CPU
		{ACA2AA50-6795-4730-BF62-1D7FA4CA977F}.Ad-Hoc|iPhone.Build.0 = Debug|Any CPU
		{ACA2AA50-6795-4730-BF62-1D7FA4CA977F}.Ad-Hoc|iPhoneSimulator.ActiveCfg = Debug|Any CPU
		{ACA2AA50-6795-4730-BF62-1D7FA4CA977F}.Ad-Hoc|iPhoneSimulator.Build.0 = Debug|Any CPU
		{ACA2AA50-6795-4730-BF62-1D7FA4CA977F}.Ad-Hoc|x86.ActiveCfg = Debug|Any CPU
		{ACA2AA50-6795-4730-BF62-1D7FA4CA977F}.Ad-Hoc|x86.Build.0 = Debug|Any CPU
		{ACA2AA50-6795-4730-BF62-1D7FA4CA977F}.Android|Any CPU.ActiveCfg = Release|Any CPU
		{ACA2AA50-6795-4730-BF62-1D7FA4CA977F}.Android|Any CPU.Build.0 = Release|Any CPU
		{ACA2AA50-6795-4730-BF62-1D7FA4CA977F}.Android|iPhone.ActiveCfg = Debug|Any CPU
		{ACA2AA50-6795-4730-BF62-1D7FA4CA977F}.Android|iPhone.Build.0 = Debug|Any CPU
		{ACA2AA50-6795-4730-BF62-1D7FA4CA977F}.Android|iPhoneSimulator.ActiveCfg = Debug|Any CPU
		{ACA2AA50-6795-4730-BF62-1D7FA4CA977F}.Android|iPhoneSimulator.Build.0 = Debug|Any CPU
		{ACA2AA50-6795-4730-BF62-1D7FA4CA977F}.Android|x86.ActiveCfg = Release|Any CPU
		{ACA2AA50-6795-4730-BF62-1D7FA4CA977F}.Android|x86.Build.0 = Release|Any CPU
		{ACA2AA50-6795-4730-BF62-1D7FA4CA977F}.AppStore|Any CPU.ActiveCfg = Debug|Any CPU
		{ACA2AA50-6795-4730-BF62-1D7FA4CA977F}.AppStore|Any CPU.Build.0 = Debug|Any CPU
		{ACA2AA50-6795-4730-BF62-1D7FA4CA977F}.AppStore|iPhone.ActiveCfg = Debug|Any CPU
		{ACA2AA50-6795-4730-BF62-1D7FA4CA977F}.AppStore|iPhone.Build.0 = Debug|Any CPU
		{ACA2AA50-6795-4730-BF62-1D7FA4CA977F}.AppStore|iPhoneSimulator.ActiveCfg = Debug|Any CPU
		{ACA2AA50-6795-4730-BF62-1D7FA4CA977F}.AppStore|iPhoneSimulator.Build.0 = Debug|Any CPU
		{ACA2AA50-6795-4730-BF62-1D7FA4CA977F}.AppStore|x86.ActiveCfg = Debug|Any CPU
		{ACA2AA50-6795-4730-BF62-1D7FA4CA977F}.AppStore|x86.Build.0 = Debug|Any CPU
		{ACA2AA50-6795-4730-BF62-1D7FA4CA977F}.Debug_Unity|Any CPU.ActiveCfg = Debug|Any CPU
		{ACA2AA50-6795-4730-BF62-1D7FA4CA977F}.Debug_Unity|Any CPU.Build.0 = Debug|Any CPU
		{ACA2AA50-6795-4730-BF62-1D7FA4CA977F}.Debug_Unity|iPhone.ActiveCfg = Debug|Any CPU
		{ACA2AA50-6795-4730-BF62-1D7FA4CA977F}.Debug_Unity|iPhone.Build.0 = Debug|Any CPU
		{ACA2AA50-6795-4730-BF62-1D7FA4CA977F}.Debug_Unity|iPhoneSimulator.ActiveCfg = Debug|Any CPU
		{ACA2AA50-6795-4730-BF62-1D7FA4CA977F}.Debug_Unity|iPhoneSimulator.Build.0 = Debug|Any CPU
		{ACA2AA50-6795-4730-BF62-1D7FA4CA977F}.Debug_Unity|x86.ActiveCfg = Debug|Any CPU
		{ACA2AA50-6795-4730-BF62-1D7FA4CA977F}.Debug_Unity|x86.Build.0 = Debug|Any CPU
		{ACA2AA50-6795-4730-BF62-1D7FA4CA977F}.Debug|Any CPU.ActiveCfg = Debug|Any CPU
		{ACA2AA50-6795-4730-BF62-1D7FA4CA977F}.Debug|Any CPU.Build.0 = Debug|Any CPU
		{ACA2AA50-6795-4730-BF62-1D7FA4CA977F}.Debug|iPhone.ActiveCfg = Debug|Any CPU
		{ACA2AA50-6795-4730-BF62-1D7FA4CA977F}.Debug|iPhone.Build.0 = Debug|Any CPU
		{ACA2AA50-6795-4730-BF62-1D7FA4CA977F}.Debug|iPhoneSimulator.ActiveCfg = Debug|Any CPU
		{ACA2AA50-6795-4730-BF62-1D7FA4CA977F}.Debug|iPhoneSimulator.Build.0 = Debug|Any CPU
		{ACA2AA50-6795-4730-BF62-1D7FA4CA977F}.Debug|x86.ActiveCfg = Debug|Any CPU
		{ACA2AA50-6795-4730-BF62-1D7FA4CA977F}.Debug|x86.Build.0 = Debug|Any CPU
		{ACA2AA50-6795-4730-BF62-1D7FA4CA977F}.Release|Any CPU.ActiveCfg = Release|Any CPU
		{ACA2AA50-6795-4730-BF62-1D7FA4CA977F}.Release|Any CPU.Build.0 = Release|Any CPU
		{ACA2AA50-6795-4730-BF62-1D7FA4CA977F}.Release|iPhone.ActiveCfg = Release|Any CPU
		{ACA2AA50-6795-4730-BF62-1D7FA4CA977F}.Release|iPhone.Build.0 = Release|Any CPU
		{ACA2AA50-6795-4730-BF62-1D7FA4CA977F}.Release|iPhoneSimulator.ActiveCfg = Release|Any CPU
		{ACA2AA50-6795-4730-BF62-1D7FA4CA977F}.Release|iPhoneSimulator.Build.0 = Release|Any CPU
		{ACA2AA50-6795-4730-BF62-1D7FA4CA977F}.Release|x86.ActiveCfg = Release|Any CPU
		{ACA2AA50-6795-4730-BF62-1D7FA4CA977F}.Release|x86.Build.0 = Release|Any CPU
		{00529D8C-FE79-4C33-8FEA-9FE6714BA4ED}.Ad-Hoc|Any CPU.ActiveCfg = Debug|Any CPU
		{00529D8C-FE79-4C33-8FEA-9FE6714BA4ED}.Ad-Hoc|Any CPU.Build.0 = Debug|Any CPU
		{00529D8C-FE79-4C33-8FEA-9FE6714BA4ED}.Ad-Hoc|iPhone.ActiveCfg = Debug|Any CPU
		{00529D8C-FE79-4C33-8FEA-9FE6714BA4ED}.Ad-Hoc|iPhone.Build.0 = Debug|Any CPU
		{00529D8C-FE79-4C33-8FEA-9FE6714BA4ED}.Ad-Hoc|iPhoneSimulator.ActiveCfg = Debug|Any CPU
		{00529D8C-FE79-4C33-8FEA-9FE6714BA4ED}.Ad-Hoc|iPhoneSimulator.Build.0 = Debug|Any CPU
		{00529D8C-FE79-4C33-8FEA-9FE6714BA4ED}.Ad-Hoc|x86.ActiveCfg = Debug|Any CPU
		{00529D8C-FE79-4C33-8FEA-9FE6714BA4ED}.Ad-Hoc|x86.Build.0 = Debug|Any CPU
		{00529D8C-FE79-4C33-8FEA-9FE6714BA4ED}.Android|Any CPU.ActiveCfg = Release|Any CPU
		{00529D8C-FE79-4C33-8FEA-9FE6714BA4ED}.Android|Any CPU.Build.0 = Release|Any CPU
		{00529D8C-FE79-4C33-8FEA-9FE6714BA4ED}.Android|iPhone.ActiveCfg = Debug|Any CPU
		{00529D8C-FE79-4C33-8FEA-9FE6714BA4ED}.Android|iPhone.Build.0 = Debug|Any CPU
		{00529D8C-FE79-4C33-8FEA-9FE6714BA4ED}.Android|iPhoneSimulator.ActiveCfg = Debug|Any CPU
		{00529D8C-FE79-4C33-8FEA-9FE6714BA4ED}.Android|iPhoneSimulator.Build.0 = Debug|Any CPU
		{00529D8C-FE79-4C33-8FEA-9FE6714BA4ED}.Android|x86.ActiveCfg = Release|Any CPU
		{00529D8C-FE79-4C33-8FEA-9FE6714BA4ED}.Android|x86.Build.0 = Release|Any CPU
		{00529D8C-FE79-4C33-8FEA-9FE6714BA4ED}.AppStore|Any CPU.ActiveCfg = Debug|Any CPU
		{00529D8C-FE79-4C33-8FEA-9FE6714BA4ED}.AppStore|Any CPU.Build.0 = Debug|Any CPU
		{00529D8C-FE79-4C33-8FEA-9FE6714BA4ED}.AppStore|iPhone.ActiveCfg = Debug|Any CPU
		{00529D8C-FE79-4C33-8FEA-9FE6714BA4ED}.AppStore|iPhone.Build.0 = Debug|Any CPU
		{00529D8C-FE79-4C33-8FEA-9FE6714BA4ED}.AppStore|iPhoneSimulator.ActiveCfg = Debug|Any CPU
		{00529D8C-FE79-4C33-8FEA-9FE6714BA4ED}.AppStore|iPhoneSimulator.Build.0 = Debug|Any CPU
		{00529D8C-FE79-4C33-8FEA-9FE6714BA4ED}.AppStore|x86.ActiveCfg = Debug|Any CPU
		{00529D8C-FE79-4C33-8FEA-9FE6714BA4ED}.AppStore|x86.Build.0 = Debug|Any CPU
		{00529D8C-FE79-4C33-8FEA-9FE6714BA4ED}.Debug_Unity|Any CPU.ActiveCfg = Debug|Any CPU
		{00529D8C-FE79-4C33-8FEA-9FE6714BA4ED}.Debug_Unity|Any CPU.Build.0 = Debug|Any CPU
		{00529D8C-FE79-4C33-8FEA-9FE6714BA4ED}.Debug_Unity|iPhone.ActiveCfg = Debug|Any CPU
		{00529D8C-FE79-4C33-8FEA-9FE6714BA4ED}.Debug_Unity|iPhone.Build.0 = Debug|Any CPU
		{00529D8C-FE79-4C33-8FEA-9FE6714BA4ED}.Debug_Unity|iPhoneSimulator.ActiveCfg = Debug|Any CPU
		{00529D8C-FE79-4C33-8FEA-9FE6714BA4ED}.Debug_Unity|iPhoneSimulator.Build.0 = Debug|Any CPU
		{00529D8C-FE79-4C33-8FEA-9FE6714BA4ED}.Debug_Unity|x86.ActiveCfg = Debug|Any CPU
		{00529D8C-FE79-4C33-8FEA-9FE6714BA4ED}.Debug_Unity|x86.Build.0 = Debug|Any CPU
		{00529D8C-FE79-4C33-8FEA-9FE6714BA4ED}.Debug|Any CPU.ActiveCfg = Debug|Any CPU
		{00529D8C-FE79-4C33-8FEA-9FE6714BA4ED}.Debug|Any CPU.Build.0 = Debug|Any CPU
		{00529D8C-FE79-4C33-8FEA-9FE6714BA4ED}.Debug|iPhone.ActiveCfg = Debug|Any CPU
		{00529D8C-FE79-4C33-8FEA-9FE6714BA4ED}.Debug|iPhone.Build.0 = Debug|Any CPU
		{00529D8C-FE79-4C33-8FEA-9FE6714BA4ED}.Debug|iPhoneSimulator.ActiveCfg = Debug|Any CPU
		{00529D8C-FE79-4C33-8FEA-9FE6714BA4ED}.Debug|iPhoneSimulator.Build.0 = Debug|Any CPU
		{00529D8C-FE79-4C33-8FEA-9FE6714BA4ED}.Debug|x86.ActiveCfg = Debug|Any CPU
		{00529D8C-FE79-4C33-8FEA-9FE6714BA4ED}.Debug|x86.Build.0 = Debug|Any CPU
		{00529D8C-FE79-4C33-8FEA-9FE6714BA4ED}.Release|Any CPU.ActiveCfg = Release|Any CPU
		{00529D8C-FE79-4C33-8FEA-9FE6714BA4ED}.Release|Any CPU.Build.0 = Release|Any CPU
		{00529D8C-FE79-4C33-8FEA-9FE6714BA4ED}.Release|iPhone.ActiveCfg = Release|Any CPU
		{00529D8C-FE79-4C33-8FEA-9FE6714BA4ED}.Release|iPhone.Build.0 = Release|Any CPU
		{00529D8C-FE79-4C33-8FEA-9FE6714BA4ED}.Release|iPhoneSimulator.ActiveCfg = Release|Any CPU
		{00529D8C-FE79-4C33-8FEA-9FE6714BA4ED}.Release|iPhoneSimulator.Build.0 = Release|Any CPU
		{00529D8C-FE79-4C33-8FEA-9FE6714BA4ED}.Release|x86.ActiveCfg = Release|Any CPU
		{00529D8C-FE79-4C33-8FEA-9FE6714BA4ED}.Release|x86.Build.0 = Release|Any CPU
		{BF24F5DD-FF00-423C-8E23-55F46257D75F}.Ad-Hoc|Any CPU.ActiveCfg = Debug|Any CPU
		{BF24F5DD-FF00-423C-8E23-55F46257D75F}.Ad-Hoc|Any CPU.Build.0 = Debug|Any CPU
		{BF24F5DD-FF00-423C-8E23-55F46257D75F}.Ad-Hoc|iPhone.ActiveCfg = Debug|Any CPU
		{BF24F5DD-FF00-423C-8E23-55F46257D75F}.Ad-Hoc|iPhone.Build.0 = Debug|Any CPU
		{BF24F5DD-FF00-423C-8E23-55F46257D75F}.Ad-Hoc|iPhoneSimulator.ActiveCfg = Debug|Any CPU
		{BF24F5DD-FF00-423C-8E23-55F46257D75F}.Ad-Hoc|iPhoneSimulator.Build.0 = Debug|Any CPU
		{BF24F5DD-FF00-423C-8E23-55F46257D75F}.Ad-Hoc|x86.ActiveCfg = Debug|Any CPU
		{BF24F5DD-FF00-423C-8E23-55F46257D75F}.Ad-Hoc|x86.Build.0 = Debug|Any CPU
		{BF24F5DD-FF00-423C-8E23-55F46257D75F}.Android|Any CPU.ActiveCfg = Release|Any CPU
		{BF24F5DD-FF00-423C-8E23-55F46257D75F}.Android|Any CPU.Build.0 = Release|Any CPU
		{BF24F5DD-FF00-423C-8E23-55F46257D75F}.Android|iPhone.ActiveCfg = Debug|Any CPU
		{BF24F5DD-FF00-423C-8E23-55F46257D75F}.Android|iPhone.Build.0 = Debug|Any CPU
		{BF24F5DD-FF00-423C-8E23-55F46257D75F}.Android|iPhoneSimulator.ActiveCfg = Debug|Any CPU
		{BF24F5DD-FF00-423C-8E23-55F46257D75F}.Android|iPhoneSimulator.Build.0 = Debug|Any CPU
		{BF24F5DD-FF00-423C-8E23-55F46257D75F}.Android|x86.ActiveCfg = Release|Any CPU
		{BF24F5DD-FF00-423C-8E23-55F46257D75F}.Android|x86.Build.0 = Release|Any CPU
		{BF24F5DD-FF00-423C-8E23-55F46257D75F}.AppStore|Any CPU.ActiveCfg = Debug|Any CPU
		{BF24F5DD-FF00-423C-8E23-55F46257D75F}.AppStore|Any CPU.Build.0 = Debug|Any CPU
		{BF24F5DD-FF00-423C-8E23-55F46257D75F}.AppStore|iPhone.ActiveCfg = Debug|Any CPU
		{BF24F5DD-FF00-423C-8E23-55F46257D75F}.AppStore|iPhone.Build.0 = Debug|Any CPU
		{BF24F5DD-FF00-423C-8E23-55F46257D75F}.AppStore|iPhoneSimulator.ActiveCfg = Debug|Any CPU
		{BF24F5DD-FF00-423C-8E23-55F46257D75F}.AppStore|iPhoneSimulator.Build.0 = Debug|Any CPU
		{BF24F5DD-FF00-423C-8E23-55F46257D75F}.AppStore|x86.ActiveCfg = Debug|Any CPU
		{BF24F5DD-FF00-423C-8E23-55F46257D75F}.AppStore|x86.Build.0 = Debug|Any CPU
		{BF24F5DD-FF00-423C-8E23-55F46257D75F}.Debug_Unity|Any CPU.ActiveCfg = Debug|Any CPU
		{BF24F5DD-FF00-423C-8E23-55F46257D75F}.Debug_Unity|Any CPU.Build.0 = Debug|Any CPU
		{BF24F5DD-FF00-423C-8E23-55F46257D75F}.Debug_Unity|iPhone.ActiveCfg = Debug|Any CPU
		{BF24F5DD-FF00-423C-8E23-55F46257D75F}.Debug_Unity|iPhone.Build.0 = Debug|Any CPU
		{BF24F5DD-FF00-423C-8E23-55F46257D75F}.Debug_Unity|iPhoneSimulator.ActiveCfg = Debug|Any CPU
		{BF24F5DD-FF00-423C-8E23-55F46257D75F}.Debug_Unity|iPhoneSimulator.Build.0 = Debug|Any CPU
		{BF24F5DD-FF00-423C-8E23-55F46257D75F}.Debug_Unity|x86.ActiveCfg = Debug|Any CPU
		{BF24F5DD-FF00-423C-8E23-55F46257D75F}.Debug_Unity|x86.Build.0 = Debug|Any CPU
		{BF24F5DD-FF00-423C-8E23-55F46257D75F}.Debug|Any CPU.ActiveCfg = Debug|Any CPU
		{BF24F5DD-FF00-423C-8E23-55F46257D75F}.Debug|Any CPU.Build.0 = Debug|Any CPU
		{BF24F5DD-FF00-423C-8E23-55F46257D75F}.Debug|iPhone.ActiveCfg = Debug|Any CPU
		{BF24F5DD-FF00-423C-8E23-55F46257D75F}.Debug|iPhone.Build.0 = Debug|Any CPU
		{BF24F5DD-FF00-423C-8E23-55F46257D75F}.Debug|iPhoneSimulator.ActiveCfg = Debug|Any CPU
		{BF24F5DD-FF00-423C-8E23-55F46257D75F}.Debug|iPhoneSimulator.Build.0 = Debug|Any CPU
		{BF24F5DD-FF00-423C-8E23-55F46257D75F}.Debug|x86.ActiveCfg = Debug|Any CPU
		{BF24F5DD-FF00-423C-8E23-55F46257D75F}.Debug|x86.Build.0 = Debug|Any CPU
		{BF24F5DD-FF00-423C-8E23-55F46257D75F}.Release|Any CPU.ActiveCfg = Release|Any CPU
		{BF24F5DD-FF00-423C-8E23-55F46257D75F}.Release|Any CPU.Build.0 = Release|Any CPU
		{BF24F5DD-FF00-423C-8E23-55F46257D75F}.Release|iPhone.ActiveCfg = Release|Any CPU
		{BF24F5DD-FF00-423C-8E23-55F46257D75F}.Release|iPhone.Build.0 = Release|Any CPU
		{BF24F5DD-FF00-423C-8E23-55F46257D75F}.Release|iPhoneSimulator.ActiveCfg = Release|Any CPU
		{BF24F5DD-FF00-423C-8E23-55F46257D75F}.Release|iPhoneSimulator.Build.0 = Release|Any CPU
		{BF24F5DD-FF00-423C-8E23-55F46257D75F}.Release|x86.ActiveCfg = Release|Any CPU
		{BF24F5DD-FF00-423C-8E23-55F46257D75F}.Release|x86.Build.0 = Release|Any CPU
		{EE6BE3F3-B6D2-4007-A230-628BC17AAC8F}.Ad-Hoc|Any CPU.ActiveCfg = Debug|Any CPU
		{EE6BE3F3-B6D2-4007-A230-628BC17AAC8F}.Ad-Hoc|Any CPU.Build.0 = Debug|Any CPU
		{EE6BE3F3-B6D2-4007-A230-628BC17AAC8F}.Ad-Hoc|iPhone.ActiveCfg = Debug|Any CPU
		{EE6BE3F3-B6D2-4007-A230-628BC17AAC8F}.Ad-Hoc|iPhone.Build.0 = Debug|Any CPU
		{EE6BE3F3-B6D2-4007-A230-628BC17AAC8F}.Ad-Hoc|iPhoneSimulator.ActiveCfg = Debug|Any CPU
		{EE6BE3F3-B6D2-4007-A230-628BC17AAC8F}.Ad-Hoc|iPhoneSimulator.Build.0 = Debug|Any CPU
		{EE6BE3F3-B6D2-4007-A230-628BC17AAC8F}.Ad-Hoc|x86.ActiveCfg = Debug|Any CPU
		{EE6BE3F3-B6D2-4007-A230-628BC17AAC8F}.Ad-Hoc|x86.Build.0 = Debug|Any CPU
		{EE6BE3F3-B6D2-4007-A230-628BC17AAC8F}.Android|Any CPU.ActiveCfg = Release|Any CPU
		{EE6BE3F3-B6D2-4007-A230-628BC17AAC8F}.Android|Any CPU.Build.0 = Release|Any CPU
		{EE6BE3F3-B6D2-4007-A230-628BC17AAC8F}.Android|iPhone.ActiveCfg = Debug|Any CPU
		{EE6BE3F3-B6D2-4007-A230-628BC17AAC8F}.Android|iPhone.Build.0 = Debug|Any CPU
		{EE6BE3F3-B6D2-4007-A230-628BC17AAC8F}.Android|iPhoneSimulator.ActiveCfg = Debug|Any CPU
		{EE6BE3F3-B6D2-4007-A230-628BC17AAC8F}.Android|iPhoneSimulator.Build.0 = Debug|Any CPU
		{EE6BE3F3-B6D2-4007-A230-628BC17AAC8F}.Android|x86.ActiveCfg = Release|Any CPU
		{EE6BE3F3-B6D2-4007-A230-628BC17AAC8F}.Android|x86.Build.0 = Release|Any CPU
		{EE6BE3F3-B6D2-4007-A230-628BC17AAC8F}.AppStore|Any CPU.ActiveCfg = Debug|Any CPU
		{EE6BE3F3-B6D2-4007-A230-628BC17AAC8F}.AppStore|Any CPU.Build.0 = Debug|Any CPU
		{EE6BE3F3-B6D2-4007-A230-628BC17AAC8F}.AppStore|iPhone.ActiveCfg = Debug|Any CPU
		{EE6BE3F3-B6D2-4007-A230-628BC17AAC8F}.AppStore|iPhone.Build.0 = Debug|Any CPU
		{EE6BE3F3-B6D2-4007-A230-628BC17AAC8F}.AppStore|iPhoneSimulator.ActiveCfg = Debug|Any CPU
		{EE6BE3F3-B6D2-4007-A230-628BC17AAC8F}.AppStore|iPhoneSimulator.Build.0 = Debug|Any CPU
		{EE6BE3F3-B6D2-4007-A230-628BC17AAC8F}.AppStore|x86.ActiveCfg = Debug|Any CPU
		{EE6BE3F3-B6D2-4007-A230-628BC17AAC8F}.AppStore|x86.Build.0 = Debug|Any CPU
		{EE6BE3F3-B6D2-4007-A230-628BC17AAC8F}.Debug_Unity|Any CPU.ActiveCfg = Debug|Any CPU
		{EE6BE3F3-B6D2-4007-A230-628BC17AAC8F}.Debug_Unity|Any CPU.Build.0 = Debug|Any CPU
		{EE6BE3F3-B6D2-4007-A230-628BC17AAC8F}.Debug_Unity|iPhone.ActiveCfg = Debug|Any CPU
		{EE6BE3F3-B6D2-4007-A230-628BC17AAC8F}.Debug_Unity|iPhone.Build.0 = Debug|Any CPU
		{EE6BE3F3-B6D2-4007-A230-628BC17AAC8F}.Debug_Unity|iPhoneSimulator.ActiveCfg = Debug|Any CPU
		{EE6BE3F3-B6D2-4007-A230-628BC17AAC8F}.Debug_Unity|iPhoneSimulator.Build.0 = Debug|Any CPU
		{EE6BE3F3-B6D2-4007-A230-628BC17AAC8F}.Debug_Unity|x86.ActiveCfg = Debug|Any CPU
		{EE6BE3F3-B6D2-4007-A230-628BC17AAC8F}.Debug_Unity|x86.Build.0 = Debug|Any CPU
		{EE6BE3F3-B6D2-4007-A230-628BC17AAC8F}.Debug|Any CPU.ActiveCfg = Debug|Any CPU
		{EE6BE3F3-B6D2-4007-A230-628BC17AAC8F}.Debug|Any CPU.Build.0 = Debug|Any CPU
		{EE6BE3F3-B6D2-4007-A230-628BC17AAC8F}.Debug|iPhone.ActiveCfg = Debug|Any CPU
		{EE6BE3F3-B6D2-4007-A230-628BC17AAC8F}.Debug|iPhone.Build.0 = Debug|Any CPU
		{EE6BE3F3-B6D2-4007-A230-628BC17AAC8F}.Debug|iPhoneSimulator.ActiveCfg = Debug|Any CPU
		{EE6BE3F3-B6D2-4007-A230-628BC17AAC8F}.Debug|iPhoneSimulator.Build.0 = Debug|Any CPU
		{EE6BE3F3-B6D2-4007-A230-628BC17AAC8F}.Debug|x86.ActiveCfg = Debug|Any CPU
		{EE6BE3F3-B6D2-4007-A230-628BC17AAC8F}.Debug|x86.Build.0 = Debug|Any CPU
		{EE6BE3F3-B6D2-4007-A230-628BC17AAC8F}.Release|Any CPU.ActiveCfg = Release|Any CPU
		{EE6BE3F3-B6D2-4007-A230-628BC17AAC8F}.Release|Any CPU.Build.0 = Release|Any CPU
		{EE6BE3F3-B6D2-4007-A230-628BC17AAC8F}.Release|iPhone.ActiveCfg = Release|Any CPU
		{EE6BE3F3-B6D2-4007-A230-628BC17AAC8F}.Release|iPhone.Build.0 = Release|Any CPU
		{EE6BE3F3-B6D2-4007-A230-628BC17AAC8F}.Release|iPhoneSimulator.ActiveCfg = Release|Any CPU
		{EE6BE3F3-B6D2-4007-A230-628BC17AAC8F}.Release|iPhoneSimulator.Build.0 = Release|Any CPU
		{EE6BE3F3-B6D2-4007-A230-628BC17AAC8F}.Release|x86.ActiveCfg = Release|Any CPU
		{EE6BE3F3-B6D2-4007-A230-628BC17AAC8F}.Release|x86.Build.0 = Release|Any CPU
		{0C165F6C-B875-499C-9A8E-BBCD38B5EBB2}.Ad-Hoc|Any CPU.ActiveCfg = Release|x86
		{0C165F6C-B875-499C-9A8E-BBCD38B5EBB2}.Ad-Hoc|Any CPU.Build.0 = Release|x86
		{0C165F6C-B875-499C-9A8E-BBCD38B5EBB2}.Ad-Hoc|iPhone.ActiveCfg = Release|x86
		{0C165F6C-B875-499C-9A8E-BBCD38B5EBB2}.Ad-Hoc|iPhone.Build.0 = Release|x86
		{0C165F6C-B875-499C-9A8E-BBCD38B5EBB2}.Ad-Hoc|iPhoneSimulator.ActiveCfg = Release|x86
		{0C165F6C-B875-499C-9A8E-BBCD38B5EBB2}.Ad-Hoc|iPhoneSimulator.Build.0 = Release|x86
		{0C165F6C-B875-499C-9A8E-BBCD38B5EBB2}.Ad-Hoc|x86.ActiveCfg = Release|x86
		{0C165F6C-B875-499C-9A8E-BBCD38B5EBB2}.Ad-Hoc|x86.Build.0 = Release|x86
		{0C165F6C-B875-499C-9A8E-BBCD38B5EBB2}.Android|Any CPU.ActiveCfg = Release|x86
		{0C165F6C-B875-499C-9A8E-BBCD38B5EBB2}.Android|Any CPU.Build.0 = Release|x86
		{0C165F6C-B875-499C-9A8E-BBCD38B5EBB2}.Android|iPhone.ActiveCfg = Release|x86
		{0C165F6C-B875-499C-9A8E-BBCD38B5EBB2}.Android|iPhone.Build.0 = Release|x86
		{0C165F6C-B875-499C-9A8E-BBCD38B5EBB2}.Android|iPhoneSimulator.ActiveCfg = Release|x86
		{0C165F6C-B875-499C-9A8E-BBCD38B5EBB2}.Android|iPhoneSimulator.Build.0 = Release|x86
		{0C165F6C-B875-499C-9A8E-BBCD38B5EBB2}.Android|x86.ActiveCfg = Release|x86
		{0C165F6C-B875-499C-9A8E-BBCD38B5EBB2}.Android|x86.Build.0 = Release|x86
		{0C165F6C-B875-499C-9A8E-BBCD38B5EBB2}.AppStore|Any CPU.ActiveCfg = Release|x86
		{0C165F6C-B875-499C-9A8E-BBCD38B5EBB2}.AppStore|Any CPU.Build.0 = Release|x86
		{0C165F6C-B875-499C-9A8E-BBCD38B5EBB2}.AppStore|iPhone.ActiveCfg = Release|x86
		{0C165F6C-B875-499C-9A8E-BBCD38B5EBB2}.AppStore|iPhone.Build.0 = Release|x86
		{0C165F6C-B875-499C-9A8E-BBCD38B5EBB2}.AppStore|iPhoneSimulator.ActiveCfg = Release|x86
		{0C165F6C-B875-499C-9A8E-BBCD38B5EBB2}.AppStore|iPhoneSimulator.Build.0 = Release|x86
		{0C165F6C-B875-499C-9A8E-BBCD38B5EBB2}.AppStore|x86.ActiveCfg = Release|x86
		{0C165F6C-B875-499C-9A8E-BBCD38B5EBB2}.AppStore|x86.Build.0 = Release|x86
		{0C165F6C-B875-499C-9A8E-BBCD38B5EBB2}.Debug_Unity|Any CPU.ActiveCfg = Release|x86
		{0C165F6C-B875-499C-9A8E-BBCD38B5EBB2}.Debug_Unity|Any CPU.Build.0 = Release|x86
		{0C165F6C-B875-499C-9A8E-BBCD38B5EBB2}.Debug_Unity|iPhone.ActiveCfg = Release|x86
		{0C165F6C-B875-499C-9A8E-BBCD38B5EBB2}.Debug_Unity|iPhone.Build.0 = Release|x86
		{0C165F6C-B875-499C-9A8E-BBCD38B5EBB2}.Debug_Unity|iPhoneSimulator.ActiveCfg = Release|x86
		{0C165F6C-B875-499C-9A8E-BBCD38B5EBB2}.Debug_Unity|iPhoneSimulator.Build.0 = Release|x86
		{0C165F6C-B875-499C-9A8E-BBCD38B5EBB2}.Debug_Unity|x86.ActiveCfg = Debug|x86
		{0C165F6C-B875-499C-9A8E-BBCD38B5EBB2}.Debug_Unity|x86.Build.0 = Debug|x86
		{0C165F6C-B875-499C-9A8E-BBCD38B5EBB2}.Debug|Any CPU.ActiveCfg = Debug|x86
		{0C165F6C-B875-499C-9A8E-BBCD38B5EBB2}.Debug|Any CPU.Build.0 = Debug|x86
		{0C165F6C-B875-499C-9A8E-BBCD38B5EBB2}.Debug|iPhone.ActiveCfg = Debug|x86
		{0C165F6C-B875-499C-9A8E-BBCD38B5EBB2}.Debug|iPhoneSimulator.ActiveCfg = Debug|x86
		{0C165F6C-B875-499C-9A8E-BBCD38B5EBB2}.Debug|x86.ActiveCfg = Debug|x86
		{0C165F6C-B875-499C-9A8E-BBCD38B5EBB2}.Debug|x86.Build.0 = Debug|x86
		{0C165F6C-B875-499C-9A8E-BBCD38B5EBB2}.Release|Any CPU.ActiveCfg = Release|x86
		{0C165F6C-B875-499C-9A8E-BBCD38B5EBB2}.Release|iPhone.ActiveCfg = Release|x86
		{0C165F6C-B875-499C-9A8E-BBCD38B5EBB2}.Release|iPhoneSimulator.ActiveCfg = Release|x86
		{0C165F6C-B875-499C-9A8E-BBCD38B5EBB2}.Release|x86.ActiveCfg = Release|x86
		{0C165F6C-B875-499C-9A8E-BBCD38B5EBB2}.Release|x86.Build.0 = Release|x86
		{56D8BD09-F4B9-4150-B7DB-389DAA9CB266}.Ad-Hoc|Any CPU.ActiveCfg = Release|Any CPU
		{56D8BD09-F4B9-4150-B7DB-389DAA9CB266}.Ad-Hoc|Any CPU.Build.0 = Release|Any CPU
		{56D8BD09-F4B9-4150-B7DB-389DAA9CB266}.Ad-Hoc|Any CPU.Deploy.0 = Release|Any CPU
		{56D8BD09-F4B9-4150-B7DB-389DAA9CB266}.Ad-Hoc|iPhone.ActiveCfg = Release|Any CPU
		{56D8BD09-F4B9-4150-B7DB-389DAA9CB266}.Ad-Hoc|iPhone.Build.0 = Release|Any CPU
		{56D8BD09-F4B9-4150-B7DB-389DAA9CB266}.Ad-Hoc|iPhone.Deploy.0 = Release|Any CPU
		{56D8BD09-F4B9-4150-B7DB-389DAA9CB266}.Ad-Hoc|iPhoneSimulator.ActiveCfg = Release|Any CPU
		{56D8BD09-F4B9-4150-B7DB-389DAA9CB266}.Ad-Hoc|iPhoneSimulator.Build.0 = Release|Any CPU
		{56D8BD09-F4B9-4150-B7DB-389DAA9CB266}.Ad-Hoc|iPhoneSimulator.Deploy.0 = Release|Any CPU
		{56D8BD09-F4B9-4150-B7DB-389DAA9CB266}.Ad-Hoc|x86.ActiveCfg = Release|Any CPU
		{56D8BD09-F4B9-4150-B7DB-389DAA9CB266}.Ad-Hoc|x86.Build.0 = Release|Any CPU
		{56D8BD09-F4B9-4150-B7DB-389DAA9CB266}.Ad-Hoc|x86.Deploy.0 = Release|Any CPU
		{56D8BD09-F4B9-4150-B7DB-389DAA9CB266}.Android|Any CPU.ActiveCfg = Release|Any CPU
		{56D8BD09-F4B9-4150-B7DB-389DAA9CB266}.Android|Any CPU.Build.0 = Release|Any CPU
		{56D8BD09-F4B9-4150-B7DB-389DAA9CB266}.Android|Any CPU.Deploy.0 = Release|Any CPU
		{56D8BD09-F4B9-4150-B7DB-389DAA9CB266}.Android|iPhone.ActiveCfg = Release|Any CPU
		{56D8BD09-F4B9-4150-B7DB-389DAA9CB266}.Android|iPhone.Build.0 = Release|Any CPU
		{56D8BD09-F4B9-4150-B7DB-389DAA9CB266}.Android|iPhone.Deploy.0 = Release|Any CPU
		{56D8BD09-F4B9-4150-B7DB-389DAA9CB266}.Android|iPhoneSimulator.ActiveCfg = Release|Any CPU
		{56D8BD09-F4B9-4150-B7DB-389DAA9CB266}.Android|iPhoneSimulator.Build.0 = Release|Any CPU
		{56D8BD09-F4B9-4150-B7DB-389DAA9CB266}.Android|iPhoneSimulator.Deploy.0 = Release|Any CPU
		{56D8BD09-F4B9-4150-B7DB-389DAA9CB266}.Android|x86.ActiveCfg = Release|Any CPU
		{56D8BD09-F4B9-4150-B7DB-389DAA9CB266}.Android|x86.Build.0 = Release|Any CPU
		{56D8BD09-F4B9-4150-B7DB-389DAA9CB266}.Android|x86.Deploy.0 = Release|Any CPU
		{56D8BD09-F4B9-4150-B7DB-389DAA9CB266}.AppStore|Any CPU.ActiveCfg = Release|Any CPU
		{56D8BD09-F4B9-4150-B7DB-389DAA9CB266}.AppStore|Any CPU.Build.0 = Release|Any CPU
		{56D8BD09-F4B9-4150-B7DB-389DAA9CB266}.AppStore|Any CPU.Deploy.0 = Release|Any CPU
		{56D8BD09-F4B9-4150-B7DB-389DAA9CB266}.AppStore|iPhone.ActiveCfg = Release|Any CPU
		{56D8BD09-F4B9-4150-B7DB-389DAA9CB266}.AppStore|iPhone.Build.0 = Release|Any CPU
		{56D8BD09-F4B9-4150-B7DB-389DAA9CB266}.AppStore|iPhone.Deploy.0 = Release|Any CPU
		{56D8BD09-F4B9-4150-B7DB-389DAA9CB266}.AppStore|iPhoneSimulator.ActiveCfg = Release|Any CPU
		{56D8BD09-F4B9-4150-B7DB-389DAA9CB266}.AppStore|iPhoneSimulator.Build.0 = Release|Any CPU
		{56D8BD09-F4B9-4150-B7DB-389DAA9CB266}.AppStore|iPhoneSimulator.Deploy.0 = Release|Any CPU
		{56D8BD09-F4B9-4150-B7DB-389DAA9CB266}.AppStore|x86.ActiveCfg = Release|Any CPU
		{56D8BD09-F4B9-4150-B7DB-389DAA9CB266}.AppStore|x86.Build.0 = Release|Any CPU
		{56D8BD09-F4B9-4150-B7DB-389DAA9CB266}.AppStore|x86.Deploy.0 = Release|Any CPU
		{56D8BD09-F4B9-4150-B7DB-389DAA9CB266}.Debug_Unity|Any CPU.ActiveCfg = Debug|Any CPU
		{56D8BD09-F4B9-4150-B7DB-389DAA9CB266}.Debug_Unity|Any CPU.Build.0 = Debug|Any CPU
		{56D8BD09-F4B9-4150-B7DB-389DAA9CB266}.Debug_Unity|Any CPU.Deploy.0 = Debug|Any CPU
		{56D8BD09-F4B9-4150-B7DB-389DAA9CB266}.Debug_Unity|iPhone.ActiveCfg = Debug|Any CPU
		{56D8BD09-F4B9-4150-B7DB-389DAA9CB266}.Debug_Unity|iPhone.Build.0 = Debug|Any CPU
		{56D8BD09-F4B9-4150-B7DB-389DAA9CB266}.Debug_Unity|iPhone.Deploy.0 = Debug|Any CPU
		{56D8BD09-F4B9-4150-B7DB-389DAA9CB266}.Debug_Unity|iPhoneSimulator.ActiveCfg = Debug|Any CPU
		{56D8BD09-F4B9-4150-B7DB-389DAA9CB266}.Debug_Unity|iPhoneSimulator.Build.0 = Debug|Any CPU
		{56D8BD09-F4B9-4150-B7DB-389DAA9CB266}.Debug_Unity|iPhoneSimulator.Deploy.0 = Debug|Any CPU
		{56D8BD09-F4B9-4150-B7DB-389DAA9CB266}.Debug_Unity|x86.ActiveCfg = Debug|Any CPU
		{56D8BD09-F4B9-4150-B7DB-389DAA9CB266}.Debug_Unity|x86.Build.0 = Debug|Any CPU
		{56D8BD09-F4B9-4150-B7DB-389DAA9CB266}.Debug_Unity|x86.Deploy.0 = Debug|Any CPU
		{56D8BD09-F4B9-4150-B7DB-389DAA9CB266}.Debug|Any CPU.ActiveCfg = Debug|Any CPU
		{56D8BD09-F4B9-4150-B7DB-389DAA9CB266}.Debug|Any CPU.Build.0 = Debug|Any CPU
		{56D8BD09-F4B9-4150-B7DB-389DAA9CB266}.Debug|Any CPU.Deploy.0 = Debug|Any CPU
		{56D8BD09-F4B9-4150-B7DB-389DAA9CB266}.Debug|iPhone.ActiveCfg = Debug|Any CPU
		{56D8BD09-F4B9-4150-B7DB-389DAA9CB266}.Debug|iPhone.Build.0 = Debug|Any CPU
		{56D8BD09-F4B9-4150-B7DB-389DAA9CB266}.Debug|iPhone.Deploy.0 = Debug|Any CPU
		{56D8BD09-F4B9-4150-B7DB-389DAA9CB266}.Debug|iPhoneSimulator.ActiveCfg = Debug|Any CPU
		{56D8BD09-F4B9-4150-B7DB-389DAA9CB266}.Debug|iPhoneSimulator.Build.0 = Debug|Any CPU
		{56D8BD09-F4B9-4150-B7DB-389DAA9CB266}.Debug|iPhoneSimulator.Deploy.0 = Debug|Any CPU
		{56D8BD09-F4B9-4150-B7DB-389DAA9CB266}.Debug|x86.ActiveCfg = Debug|Any CPU
		{56D8BD09-F4B9-4150-B7DB-389DAA9CB266}.Debug|x86.Build.0 = Debug|Any CPU
		{56D8BD09-F4B9-4150-B7DB-389DAA9CB266}.Debug|x86.Deploy.0 = Debug|Any CPU
		{56D8BD09-F4B9-4150-B7DB-389DAA9CB266}.Release|Any CPU.ActiveCfg = Release|Any CPU
		{56D8BD09-F4B9-4150-B7DB-389DAA9CB266}.Release|Any CPU.Build.0 = Release|Any CPU
		{56D8BD09-F4B9-4150-B7DB-389DAA9CB266}.Release|Any CPU.Deploy.0 = Release|Any CPU
		{56D8BD09-F4B9-4150-B7DB-389DAA9CB266}.Release|iPhone.ActiveCfg = Release|Any CPU
		{56D8BD09-F4B9-4150-B7DB-389DAA9CB266}.Release|iPhone.Build.0 = Release|Any CPU
		{56D8BD09-F4B9-4150-B7DB-389DAA9CB266}.Release|iPhone.Deploy.0 = Release|Any CPU
		{56D8BD09-F4B9-4150-B7DB-389DAA9CB266}.Release|iPhoneSimulator.ActiveCfg = Release|Any CPU
		{56D8BD09-F4B9-4150-B7DB-389DAA9CB266}.Release|iPhoneSimulator.Build.0 = Release|Any CPU
		{56D8BD09-F4B9-4150-B7DB-389DAA9CB266}.Release|iPhoneSimulator.Deploy.0 = Release|Any CPU
		{56D8BD09-F4B9-4150-B7DB-389DAA9CB266}.Release|x86.ActiveCfg = Release|Any CPU
		{56D8BD09-F4B9-4150-B7DB-389DAA9CB266}.Release|x86.Build.0 = Release|Any CPU
		{56D8BD09-F4B9-4150-B7DB-389DAA9CB266}.Release|x86.Deploy.0 = Release|Any CPU
		{FD7462FB-FAA2-4FB4-A4D7-8C17AA6C90AD}.Ad-Hoc|Any CPU.ActiveCfg = Ad-Hoc|iPhone
		{FD7462FB-FAA2-4FB4-A4D7-8C17AA6C90AD}.Ad-Hoc|iPhone.ActiveCfg = Ad-Hoc|iPhone
		{FD7462FB-FAA2-4FB4-A4D7-8C17AA6C90AD}.Ad-Hoc|iPhone.Build.0 = Ad-Hoc|iPhone
		{FD7462FB-FAA2-4FB4-A4D7-8C17AA6C90AD}.Ad-Hoc|iPhoneSimulator.ActiveCfg = Ad-Hoc|iPhoneSimulator
		{FD7462FB-FAA2-4FB4-A4D7-8C17AA6C90AD}.Ad-Hoc|iPhoneSimulator.Build.0 = Ad-Hoc|iPhoneSimulator
		{FD7462FB-FAA2-4FB4-A4D7-8C17AA6C90AD}.Ad-Hoc|x86.ActiveCfg = Ad-Hoc|iPhone
		{FD7462FB-FAA2-4FB4-A4D7-8C17AA6C90AD}.Android|Any CPU.ActiveCfg = AppStore|iPhone
		{FD7462FB-FAA2-4FB4-A4D7-8C17AA6C90AD}.Android|Any CPU.Build.0 = AppStore|iPhone
		{FD7462FB-FAA2-4FB4-A4D7-8C17AA6C90AD}.Android|iPhone.ActiveCfg = AppStore|iPhone
		{FD7462FB-FAA2-4FB4-A4D7-8C17AA6C90AD}.Android|iPhone.Build.0 = AppStore|iPhone
		{FD7462FB-FAA2-4FB4-A4D7-8C17AA6C90AD}.Android|iPhoneSimulator.ActiveCfg = AppStore|iPhoneSimulator
		{FD7462FB-FAA2-4FB4-A4D7-8C17AA6C90AD}.Android|iPhoneSimulator.Build.0 = AppStore|iPhoneSimulator
		{FD7462FB-FAA2-4FB4-A4D7-8C17AA6C90AD}.Android|x86.ActiveCfg = AppStore|iPhone
		{FD7462FB-FAA2-4FB4-A4D7-8C17AA6C90AD}.Android|x86.Build.0 = AppStore|iPhone
		{FD7462FB-FAA2-4FB4-A4D7-8C17AA6C90AD}.AppStore|Any CPU.ActiveCfg = AppStore|iPhone
		{FD7462FB-FAA2-4FB4-A4D7-8C17AA6C90AD}.AppStore|iPhone.ActiveCfg = AppStore|iPhone
		{FD7462FB-FAA2-4FB4-A4D7-8C17AA6C90AD}.AppStore|iPhone.Build.0 = AppStore|iPhone
		{FD7462FB-FAA2-4FB4-A4D7-8C17AA6C90AD}.AppStore|iPhoneSimulator.ActiveCfg = AppStore|iPhoneSimulator
		{FD7462FB-FAA2-4FB4-A4D7-8C17AA6C90AD}.AppStore|iPhoneSimulator.Build.0 = AppStore|iPhoneSimulator
		{FD7462FB-FAA2-4FB4-A4D7-8C17AA6C90AD}.AppStore|x86.ActiveCfg = AppStore|iPhone
		{FD7462FB-FAA2-4FB4-A4D7-8C17AA6C90AD}.Debug_Unity|Any CPU.ActiveCfg = AppStore|iPhone
		{FD7462FB-FAA2-4FB4-A4D7-8C17AA6C90AD}.Debug_Unity|Any CPU.Build.0 = AppStore|iPhone
		{FD7462FB-FAA2-4FB4-A4D7-8C17AA6C90AD}.Debug_Unity|iPhone.ActiveCfg = Debug|iPhone
		{FD7462FB-FAA2-4FB4-A4D7-8C17AA6C90AD}.Debug_Unity|iPhone.Build.0 = Debug|iPhone
		{FD7462FB-FAA2-4FB4-A4D7-8C17AA6C90AD}.Debug_Unity|iPhoneSimulator.ActiveCfg = Debug|iPhoneSimulator
		{FD7462FB-FAA2-4FB4-A4D7-8C17AA6C90AD}.Debug_Unity|iPhoneSimulator.Build.0 = Debug|iPhoneSimulator
		{FD7462FB-FAA2-4FB4-A4D7-8C17AA6C90AD}.Debug_Unity|x86.ActiveCfg = AppStore|iPhone
		{FD7462FB-FAA2-4FB4-A4D7-8C17AA6C90AD}.Debug_Unity|x86.Build.0 = AppStore|iPhone
		{FD7462FB-FAA2-4FB4-A4D7-8C17AA6C90AD}.Debug|Any CPU.ActiveCfg = Debug|iPhone
		{FD7462FB-FAA2-4FB4-A4D7-8C17AA6C90AD}.Debug|iPhone.ActiveCfg = Debug|iPhone
		{FD7462FB-FAA2-4FB4-A4D7-8C17AA6C90AD}.Debug|iPhone.Build.0 = Debug|iPhone
		{FD7462FB-FAA2-4FB4-A4D7-8C17AA6C90AD}.Debug|iPhoneSimulator.ActiveCfg = Debug|iPhoneSimulator
		{FD7462FB-FAA2-4FB4-A4D7-8C17AA6C90AD}.Debug|iPhoneSimulator.Build.0 = Debug|iPhoneSimulator
		{FD7462FB-FAA2-4FB4-A4D7-8C17AA6C90AD}.Debug|x86.ActiveCfg = Debug|iPhone
		{FD7462FB-FAA2-4FB4-A4D7-8C17AA6C90AD}.Release|Any CPU.ActiveCfg = Release|iPhone
		{FD7462FB-FAA2-4FB4-A4D7-8C17AA6C90AD}.Release|iPhone.ActiveCfg = Release|iPhone
		{FD7462FB-FAA2-4FB4-A4D7-8C17AA6C90AD}.Release|iPhone.Build.0 = Release|iPhone
		{FD7462FB-FAA2-4FB4-A4D7-8C17AA6C90AD}.Release|iPhoneSimulator.ActiveCfg = Release|iPhoneSimulator
		{FD7462FB-FAA2-4FB4-A4D7-8C17AA6C90AD}.Release|iPhoneSimulator.Build.0 = Release|iPhoneSimulator
		{FD7462FB-FAA2-4FB4-A4D7-8C17AA6C90AD}.Release|x86.ActiveCfg = Release|iPhone
		{B53C4E5D-702B-423E-90DA-5C9C099FC2B4}.Ad-Hoc|Any CPU.ActiveCfg = Release|Any CPU
		{B53C4E5D-702B-423E-90DA-5C9C099FC2B4}.Ad-Hoc|Any CPU.Build.0 = Release|Any CPU
		{B53C4E5D-702B-423E-90DA-5C9C099FC2B4}.Ad-Hoc|iPhone.ActiveCfg = Release|Any CPU
		{B53C4E5D-702B-423E-90DA-5C9C099FC2B4}.Ad-Hoc|iPhone.Build.0 = Release|Any CPU
		{B53C4E5D-702B-423E-90DA-5C9C099FC2B4}.Ad-Hoc|iPhoneSimulator.ActiveCfg = Release|Any CPU
		{B53C4E5D-702B-423E-90DA-5C9C099FC2B4}.Ad-Hoc|iPhoneSimulator.Build.0 = Release|Any CPU
		{B53C4E5D-702B-423E-90DA-5C9C099FC2B4}.Ad-Hoc|x86.ActiveCfg = Release|Any CPU
		{B53C4E5D-702B-423E-90DA-5C9C099FC2B4}.Ad-Hoc|x86.Build.0 = Release|Any CPU
		{B53C4E5D-702B-423E-90DA-5C9C099FC2B4}.Android|Any CPU.ActiveCfg = Release|Any CPU
		{B53C4E5D-702B-423E-90DA-5C9C099FC2B4}.Android|Any CPU.Build.0 = Release|Any CPU
		{B53C4E5D-702B-423E-90DA-5C9C099FC2B4}.Android|iPhone.ActiveCfg = Release|Any CPU
		{B53C4E5D-702B-423E-90DA-5C9C099FC2B4}.Android|iPhone.Build.0 = Release|Any CPU
		{B53C4E5D-702B-423E-90DA-5C9C099FC2B4}.Android|iPhoneSimulator.ActiveCfg = Release|Any CPU
		{B53C4E5D-702B-423E-90DA-5C9C099FC2B4}.Android|iPhoneSimulator.Build.0 = Release|Any CPU
		{B53C4E5D-702B-423E-90DA-5C9C099FC2B4}.Android|x86.ActiveCfg = Release|Any CPU
		{B53C4E5D-702B-423E-90DA-5C9C099FC2B4}.Android|x86.Build.0 = Release|Any CPU
		{B53C4E5D-702B-423E-90DA-5C9C099FC2B4}.AppStore|Any CPU.ActiveCfg = Release|Any CPU
		{B53C4E5D-702B-423E-90DA-5C9C099FC2B4}.AppStore|Any CPU.Build.0 = Release|Any CPU
		{B53C4E5D-702B-423E-90DA-5C9C099FC2B4}.AppStore|iPhone.ActiveCfg = Release|Any CPU
		{B53C4E5D-702B-423E-90DA-5C9C099FC2B4}.AppStore|iPhone.Build.0 = Release|Any CPU
		{B53C4E5D-702B-423E-90DA-5C9C099FC2B4}.AppStore|iPhoneSimulator.ActiveCfg = Release|Any CPU
		{B53C4E5D-702B-423E-90DA-5C9C099FC2B4}.AppStore|iPhoneSimulator.Build.0 = Release|Any CPU
		{B53C4E5D-702B-423E-90DA-5C9C099FC2B4}.AppStore|x86.ActiveCfg = Release|Any CPU
		{B53C4E5D-702B-423E-90DA-5C9C099FC2B4}.AppStore|x86.Build.0 = Release|Any CPU
		{B53C4E5D-702B-423E-90DA-5C9C099FC2B4}.Debug_Unity|Any CPU.ActiveCfg = Debug|Any CPU
		{B53C4E5D-702B-423E-90DA-5C9C099FC2B4}.Debug_Unity|Any CPU.Build.0 = Debug|Any CPU
		{B53C4E5D-702B-423E-90DA-5C9C099FC2B4}.Debug_Unity|iPhone.ActiveCfg = Debug|Any CPU
		{B53C4E5D-702B-423E-90DA-5C9C099FC2B4}.Debug_Unity|iPhone.Build.0 = Debug|Any CPU
		{B53C4E5D-702B-423E-90DA-5C9C099FC2B4}.Debug_Unity|iPhoneSimulator.ActiveCfg = Debug|Any CPU
		{B53C4E5D-702B-423E-90DA-5C9C099FC2B4}.Debug_Unity|iPhoneSimulator.Build.0 = Debug|Any CPU
		{B53C4E5D-702B-423E-90DA-5C9C099FC2B4}.Debug_Unity|x86.ActiveCfg = Debug|Any CPU
		{B53C4E5D-702B-423E-90DA-5C9C099FC2B4}.Debug_Unity|x86.Build.0 = Debug|Any CPU
		{B53C4E5D-702B-423E-90DA-5C9C099FC2B4}.Debug|Any CPU.ActiveCfg = Debug|Any CPU
		{B53C4E5D-702B-423E-90DA-5C9C099FC2B4}.Debug|Any CPU.Build.0 = Debug|Any CPU
		{B53C4E5D-702B-423E-90DA-5C9C099FC2B4}.Debug|iPhone.ActiveCfg = Debug|Any CPU
		{B53C4E5D-702B-423E-90DA-5C9C099FC2B4}.Debug|iPhone.Build.0 = Debug|Any CPU
		{B53C4E5D-702B-423E-90DA-5C9C099FC2B4}.Debug|iPhoneSimulator.ActiveCfg = Debug|Any CPU
		{B53C4E5D-702B-423E-90DA-5C9C099FC2B4}.Debug|iPhoneSimulator.Build.0 = Debug|Any CPU
		{B53C4E5D-702B-423E-90DA-5C9C099FC2B4}.Debug|x86.ActiveCfg = Debug|Any CPU
		{B53C4E5D-702B-423E-90DA-5C9C099FC2B4}.Debug|x86.Build.0 = Debug|Any CPU
		{B53C4E5D-702B-423E-90DA-5C9C099FC2B4}.Release|Any CPU.ActiveCfg = Release|Any CPU
		{B53C4E5D-702B-423E-90DA-5C9C099FC2B4}.Release|Any CPU.Build.0 = Release|Any CPU
		{B53C4E5D-702B-423E-90DA-5C9C099FC2B4}.Release|iPhone.ActiveCfg = Release|Any CPU
		{B53C4E5D-702B-423E-90DA-5C9C099FC2B4}.Release|iPhone.Build.0 = Release|Any CPU
		{B53C4E5D-702B-423E-90DA-5C9C099FC2B4}.Release|iPhoneSimulator.ActiveCfg = Release|Any CPU
		{B53C4E5D-702B-423E-90DA-5C9C099FC2B4}.Release|iPhoneSimulator.Build.0 = Release|Any CPU
		{B53C4E5D-702B-423E-90DA-5C9C099FC2B4}.Release|x86.ActiveCfg = Release|Any CPU
		{B53C4E5D-702B-423E-90DA-5C9C099FC2B4}.Release|x86.Build.0 = Release|Any CPU
	EndGlobalSection
	GlobalSection(SolutionProperties) = preSolution
		HideSolutionNode = FALSE
	EndGlobalSection
	GlobalSection(NestedProjects) = preSolution
		{E1714731-702B-4E50-930B-4EE03A30BB30} = {D76EA213-2445-4F6A-B932-BE087E3A1D52}
		{8AE57B9A-ACED-4428-A804-993EB37E966B} = {D76EA213-2445-4F6A-B932-BE087E3A1D52}
		{6877F982-BB8D-428E-B017-AFB86A00BE95} = {60AB0B73-6557-4842-A985-FB673D203491}
		{CF14D004-09B0-40F1-AA3F-680315AE5B01} = {645C7B30-E426-4425-8608-5F92D6E0C0D1}
		{DE59F03B-351D-490B-AD42-20D21D0C57EE} = {60AB0B73-6557-4842-A985-FB673D203491}
		{E9D5339C-633F-498F-8AE4-8FA0B61FB5D7} = {645C7B30-E426-4425-8608-5F92D6E0C0D1}
		{D4B75AEE-412B-45BF-B9AB-911641272454} = {60AB0B73-6557-4842-A985-FB673D203491}
		{0280287A-0E7F-4314-9D8F-9616EA3C2AB2} = {95D4EFAD-FAF7-43B8-9C52-1F2D4EAFDDE4}
		{27C63DE1-22BF-4791-8E27-7BE28D6531B0} = {95D4EFAD-FAF7-43B8-9C52-1F2D4EAFDDE4}
		{ACA2AA50-6795-4730-BF62-1D7FA4CA977F} = {95D4EFAD-FAF7-43B8-9C52-1F2D4EAFDDE4}
		{00529D8C-FE79-4C33-8FEA-9FE6714BA4ED} = {95D4EFAD-FAF7-43B8-9C52-1F2D4EAFDDE4}
		{BF24F5DD-FF00-423C-8E23-55F46257D75F} = {D76EA213-2445-4F6A-B932-BE087E3A1D52}
		{EE6BE3F3-B6D2-4007-A230-628BC17AAC8F} = {D76EA213-2445-4F6A-B932-BE087E3A1D52}
		{0C165F6C-B875-499C-9A8E-BBCD38B5EBB2} = {D76EA213-2445-4F6A-B932-BE087E3A1D52}
		{56D8BD09-F4B9-4150-B7DB-389DAA9CB266} = {D76EA213-2445-4F6A-B932-BE087E3A1D52}
		{FD7462FB-FAA2-4FB4-A4D7-8C17AA6C90AD} = {D76EA213-2445-4F6A-B932-BE087E3A1D52}
		{B53C4E5D-702B-423E-90DA-5C9C099FC2B4} = {D76EA213-2445-4F6A-B932-BE087E3A1D52}
	EndGlobalSection
EndGlobal
